PODS:
  - Alamofire (5.6.2)
  - Charts (4.1.0):
    - Charts/Core (= 4.1.0)
  - Charts/Core (4.1.0):
    - SwiftAlgorithms (~> 1.0)
  - DropDown (2.3.13)
  - IQKeyboardManagerSwift (6.5.11)
  - SnapKit (5.6.0)
  - SwiftAlgorithms (1.0.0)
  - SwiftLint (0.49.1)

DEPENDENCIES:
  - Alamofire
  - Charts
  - DropDown
  - IQKeyboardManagerSwift
  - SnapKit
  - SwiftLint

SPEC REPOS:
  trunk:
    - Alamofire
    - Charts
    - DropDown
    - IQKeyboardManagerSwift
    - SnapKit
    - SwiftAlgorithms
    - SwiftLint

SPEC CHECKSUMS:
  Alamofire: d368e1ff8a298e6dde360e35a3e68e6c610e7204
  Charts: 354f86803d11d9c35de280587fef50d1af063978
  DropDown: 8a2116376c1981888557f72ec2ffc9a5e0e456ec
  IQKeyboardManagerSwift: c7955c0bdbf7b2eb29bb7daaa44e3d90f55a9a85
  SnapKit: e01d52ebb8ddbc333eefe2132acf85c8227d9c25
  SwiftAlgorithms: 38dda4731d19027fdeee1125f973111bf3386b53
  SwiftLint: 32ee33ded0636d0905ef6911b2b67bbaeeedafa5

PODFILE CHECKSUM: 7adf2563d6f6eb499312a8c9a37f77139c28da71

COCOAPODS: 1.11.3
