PODS:
  - Alamofire (5.6.2)
  - Charts (3.4.0):
    - Charts/Core (= 3.4.0)
  - Charts/Core (3.4.0)
  - DropDown (2.3.13)
  - SnapKit (5.6.0)
  - SwiftLint (0.49.1)

DEPENDENCIES:
  - Alamofire
  - Charts (~> 3.4.0)
  - DropDown
  - SnapKit
  - SwiftLint

SPEC REPOS:
  trunk:
    - Alamofire
    - Charts
    - DropDown
    - SnapKit
    - SwiftLint

SPEC CHECKSUMS:
  Alamofire: d368e1ff8a298e6dde360e35a3e68e6c610e7204
  Charts: 74c9f256eaf0460c0c416522d1cf8c634ea6b286
  DropDown: 8a2116376c1981888557f72ec2ffc9a5e0e456ec
  SnapKit: e01d52ebb8ddbc333eefe2132acf85c8227d9c25
  SwiftLint: 32ee33ded0636d0905ef6911b2b67bbaeeedafa5

PODFILE CHECKSUM: a1e55270f3f41027e735b4c1424f0ce566536c86

COCOAPODS: 1.11.3
