PODS:
  - Alamofire (5.6.2)
  - Charts (4.1.0):
    - Charts/Core (= 4.1.0)
  - Charts/Core (4.1.0):
    - SwiftAlgorithms (~> 1.0)
  - DropDown (2.3.13)
  - IQKeyboardManagerSwift (6.5.11)
  - KakaoSDKAuth (2.16.0):
    - KakaoSDKCommon (= 2.16.0)
  - KakaoSDKCommon (2.16.0):
    - KakaoSDKCommon/Common (= 2.16.0)
    - KakaoSDKCommon/Network (= 2.16.0)
  - KakaoSDKCommon/Common (2.16.0)
  - KakaoSDKCommon/Network (2.16.0):
    - Alamofire (~> 5.1)
    - KakaoSDKCommon/Common (= 2.16.0)
  - KakaoSDKUser (2.16.0):
    - KakaoSDKAuth (= 2.16.0)
  - naveridlogin-sdk-ios (4.1.6)
  - RxCocoa (6.5.0):
    - RxRelay (= 6.5.0)
    - RxSwift (= 6.5.0)
  - RxRelay (6.5.0):
    - RxSwift (= 6.5.0)
  - RxSwift (6.5.0)
  - SnapKit (5.6.0)
  - SwiftAlgorithms (1.0.0)
  - SwiftLint (0.49.1)

DEPENDENCIES:
  - Alamofire
  - Charts
  - DropDown
  - IQKeyboardManagerSwift
  - KakaoSDKAuth
  - KakaoSDKCommon
  - KakaoSDKUser
  - naveridlogin-sdk-ios
  - RxCocoa
  - RxSwift
  - SnapKit
  - SwiftLint

SPEC REPOS:
  trunk:
    - Alamofire
    - Charts
    - DropDown
    - IQKeyboardManagerSwift
    - KakaoSDKAuth
    - KakaoSDKCommon
    - KakaoSDKUser
    - naveridlogin-sdk-ios
    - RxCocoa
    - RxRelay
    - RxSwift
    - SnapKit
    - SwiftAlgorithms
    - SwiftLint

SPEC CHECKSUMS:
  Alamofire: d368e1ff8a298e6dde360e35a3e68e6c610e7204
  Charts: ce0768268078eee0336f122c3c4ca248e4e204c5
  DropDown: 8a2116376c1981888557f72ec2ffc9a5e0e456ec
  IQKeyboardManagerSwift: c7955c0bdbf7b2eb29bb7daaa44e3d90f55a9a85
  KakaoSDKAuth: 1b85ed7c41b0517bfd1fc9dc46c292c75b8cb610
  KakaoSDKCommon: d6579aa2e9d963d74e13d741cbf1cce48b8b0c17
  KakaoSDKUser: 427e5b3884abd19ee6d9a7bd6e3f3029eb2968b8
  naveridlogin-sdk-ios: cdd34e3585a3d5aaf37c1d84c1f41faba4a25d1a
  RxCocoa: 94f817b71c07517321eb4f9ad299112ca8af743b
  RxRelay: 1de1523e604c72b6c68feadedd1af3b1b4d0ecbd
  RxSwift: 5710a9e6b17f3c3d6e40d6e559b9fa1e813b2ef8
  SnapKit: e01d52ebb8ddbc333eefe2132acf85c8227d9c25
  SwiftAlgorithms: 38dda4731d19027fdeee1125f973111bf3386b53
  SwiftLint: 32ee33ded0636d0905ef6911b2b67bbaeeedafa5

PODFILE CHECKSUM: 0fd3b59730f0fbd820a13869c0880bce2eac85d6

COCOAPODS: 1.12.1
