// !$*UTF8*$!
{
	archiveVersion = 1;
	classes = {
	};
	objectVersion = 55;
	objects = {

/* Begin PBXBuildFile section */
		201098762900D21E00C1B4CE /* ProtocolEx1.swift in Sources */ = {isa = PBXBuildFile; fileRef = 2010986C2900C8FD00C1B4CE /* ProtocolEx1.swift */; };
		201098772900D22100C1B4CE /* ProtocolEx2.swift in Sources */ = {isa = PBXBuildFile; fileRef = 2010986E2900CC3B00C1B4CE /* ProtocolEx2.swift */; };
		201098782900D22300C1B4CE /* ProtocolEx3.swift in Sources */ = {isa = PBXBuildFile; fileRef = 201098702900CD5300C1B4CE /* ProtocolEx3.swift */; };
		201098792900D22600C1B4CE /* ProtocolEx4.swift in Sources */ = {isa = PBXBuildFile; fileRef = 201098722900CF5300C1B4CE /* ProtocolEx4.swift */; };
		2010987A2900D22800C1B4CE /* ProtocolEx5.swift in Sources */ = {isa = PBXBuildFile; fileRef = 201098742900D03700C1B4CE /* ProtocolEx5.swift */; };
		2010987C2900D23100C1B4CE /* ProtocolEx6.swift in Sources */ = {isa = PBXBuildFile; fileRef = 2010987B2900D23100C1B4CE /* ProtocolEx6.swift */; };
		201098802900D43500C1B4CE /* Suggest1.swift in Sources */ = {isa = PBXBuildFile; fileRef = 2010987F2900D43500C1B4CE /* Suggest1.swift */; };
		20C6F9FE29077B6C009296E3 /* PresenterType.swift in Sources */ = {isa = PBXBuildFile; fileRef = 20C6F9FD29077B6C009296E3 /* PresenterType.swift */; };
		20C6FA012907996E009296E3 /* SampleViewController.swift in Sources */ = {isa = PBXBuildFile; fileRef = 20C6FA002907996E009296E3 /* SampleViewController.swift */; };
		20CCE773290684FD00BB8F63 /* DefaultDataModel.swift in Sources */ = {isa = PBXBuildFile; fileRef = 20CCE772290684FD00BB8F63 /* DefaultDataModel.swift */; };
		20DBFB0129029366009CEF76 /* InteractorType+.swift in Sources */ = {isa = PBXBuildFile; fileRef = 20DBFAFA29029366009CEF76 /* InteractorType+.swift */; };
		20DBFB0229029366009CEF76 /* UIViewController+.swift in Sources */ = {isa = PBXBuildFile; fileRef = 20DBFAFB29029366009CEF76 /* UIViewController+.swift */; };
		20DBFB0329029366009CEF76 /* DependencyContainer.swift in Sources */ = {isa = PBXBuildFile; fileRef = 20DBFAFC29029366009CEF76 /* DependencyContainer.swift */; };
		20DBFB0429029366009CEF76 /* README.md in Resources */ = {isa = PBXBuildFile; fileRef = 20DBFAFD29029366009CEF76 /* README.md */; };
		20DBFB0529029366009CEF76 /* RoutingLogic.swift in Sources */ = {isa = PBXBuildFile; fileRef = 20DBFAFE29029366009CEF76 /* RoutingLogic.swift */; };
		20DBFB0629029366009CEF76 /* WorkerType+.swift in Sources */ = {isa = PBXBuildFile; fileRef = 20DBFAFF29029366009CEF76 /* WorkerType+.swift */; };
		20DBFB0729029366009CEF76 /* RouterType+.swift in Sources */ = {isa = PBXBuildFile; fileRef = 20DBFB0029029366009CEF76 /* RouterType+.swift */; };
		3A20345F28D01ABC00C417CB /* EditGenreViewController+.swift in Sources */ = {isa = PBXBuildFile; fileRef = 3A20345E28D01ABC00C417CB /* EditGenreViewController+.swift */; };
		3A20346128D01E0F00C417CB /* UIScrollView+.swift in Sources */ = {isa = PBXBuildFile; fileRef = 3A20346028D01E0F00C417CB /* UIScrollView+.swift */; };
		3A20346328D01E3A00C417CB /* EditGenreCollectionViewCell.swift in Sources */ = {isa = PBXBuildFile; fileRef = 3A20346228D01E3A00C417CB /* EditGenreCollectionViewCell.swift */; };
		3A34165528FF5CF000C4D698 /* MyPagePresenter.swift in Sources */ = {isa = PBXBuildFile; fileRef = 3A34164F28FF5CF000C4D698 /* MyPagePresenter.swift */; };
		3A34165628FF5CF000C4D698 /* MyPageWorker.swift in Sources */ = {isa = PBXBuildFile; fileRef = 3A34165028FF5CF000C4D698 /* MyPageWorker.swift */; };
		3A34165728FF5CF000C4D698 /* MyPageRouter.swift in Sources */ = {isa = PBXBuildFile; fileRef = 3A34165128FF5CF000C4D698 /* MyPageRouter.swift */; };
		3A34165828FF5CF000C4D698 /* MyPageModels.swift in Sources */ = {isa = PBXBuildFile; fileRef = 3A34165228FF5CF000C4D698 /* MyPageModels.swift */; };
		3A34165928FF5CF000C4D698 /* MyPageViewController.swift in Sources */ = {isa = PBXBuildFile; fileRef = 3A34165328FF5CF000C4D698 /* MyPageViewController.swift */; };
		3A34165A28FF5CF000C4D698 /* MyPageInteractor.swift in Sources */ = {isa = PBXBuildFile; fileRef = 3A34165428FF5CF000C4D698 /* MyPageInteractor.swift */; };
		3A34165C28FF5CF900C4D698 /* MyPage.storyboard in Resources */ = {isa = PBXBuildFile; fileRef = 3A34165B28FF5CF900C4D698 /* MyPage.storyboard */; };
		3A6AE88E2918901900A9F520 /* TableCellViewModel+.swift in Sources */ = {isa = PBXBuildFile; fileRef = 3A6AE88D2918901900A9F520 /* TableCellViewModel+.swift */; };
		3A6AE8902918903700A9F520 /* InsightViewController.swift in Sources */ = {isa = PBXBuildFile; fileRef = 3A6AE88F2918903700A9F520 /* InsightViewController.swift */; };
		3A6AE8922918906300A9F520 /* Insight.storyboard in Resources */ = {isa = PBXBuildFile; fileRef = 3A6AE8912918906300A9F520 /* Insight.storyboard */; };
		3A6AE8D22918910300A9F520 /* InsightHallOfFameCell.xib in Resources */ = {isa = PBXBuildFile; fileRef = 3A6AE8BE2918910200A9F520 /* InsightHallOfFameCell.xib */; };
		3A6AE8D32918910300A9F520 /* InsightMyRankCell.xib in Resources */ = {isa = PBXBuildFile; fileRef = 3A6AE8BF2918910200A9F520 /* InsightMyRankCell.xib */; };
		3A6AE8D42918910300A9F520 /* InsightShareCell.xib in Resources */ = {isa = PBXBuildFile; fileRef = 3A6AE8C02918910200A9F520 /* InsightShareCell.xib */; };
		3A6AE8D52918910300A9F520 /* InsightMostAppreciationCell.swift in Sources */ = {isa = PBXBuildFile; fileRef = 3A6AE8C12918910200A9F520 /* InsightMostAppreciationCell.swift */; };
		3A6AE8D62918910300A9F520 /* InsightFirstRecordCell.swift in Sources */ = {isa = PBXBuildFile; fileRef = 3A6AE8C22918910200A9F520 /* InsightFirstRecordCell.swift */; };
		3A6AE8D72918910300A9F520 /* InsightMostImpressiveCell.swift in Sources */ = {isa = PBXBuildFile; fileRef = 3A6AE8C32918910200A9F520 /* InsightMostImpressiveCell.swift */; };
		3A6AE8D82918910300A9F520 /* InsightHallOfFameCell.swift in Sources */ = {isa = PBXBuildFile; fileRef = 3A6AE8C42918910200A9F520 /* InsightHallOfFameCell.swift */; };
		3A6AE8D92918910300A9F520 /* InsightAllUserMostAppreciationCell.swift in Sources */ = {isa = PBXBuildFile; fileRef = 3A6AE8C52918910200A9F520 /* InsightAllUserMostAppreciationCell.swift */; };
		3A6AE8DA2918910300A9F520 /* InsightShareCell.swift in Sources */ = {isa = PBXBuildFile; fileRef = 3A6AE8C62918910200A9F520 /* InsightShareCell.swift */; };
		3A6AE8DB2918910300A9F520 /* InsightStatisticsCell.xib in Resources */ = {isa = PBXBuildFile; fileRef = 3A6AE8C72918910200A9F520 /* InsightStatisticsCell.xib */; };
		3A6AE8DC2918910300A9F520 /* InsightFirstRecordCell.xib in Resources */ = {isa = PBXBuildFile; fileRef = 3A6AE8C82918910200A9F520 /* InsightFirstRecordCell.xib */; };
		3A6AE8DD2918910300A9F520 /* InsightTop3GenreCell.swift in Sources */ = {isa = PBXBuildFile; fileRef = 3A6AE8C92918910200A9F520 /* InsightTop3GenreCell.swift */; };
		3A6AE8DE2918910300A9F520 /* InsightAllUserMostAppreciationCell.xib in Resources */ = {isa = PBXBuildFile; fileRef = 3A6AE8CA2918910200A9F520 /* InsightAllUserMostAppreciationCell.xib */; };
		3A6AE8DF2918910300A9F520 /* InsightMostAppreciationCell.xib in Resources */ = {isa = PBXBuildFile; fileRef = 3A6AE8CB2918910200A9F520 /* InsightMostAppreciationCell.xib */; };
		3A6AE8E02918910300A9F520 /* InsightStatisticsGraphCell.swift in Sources */ = {isa = PBXBuildFile; fileRef = 3A6AE8CC2918910200A9F520 /* InsightStatisticsGraphCell.swift */; };
		3A6AE8E12918910300A9F520 /* InsightStatisticsGraphCell.xib in Resources */ = {isa = PBXBuildFile; fileRef = 3A6AE8CD2918910200A9F520 /* InsightStatisticsGraphCell.xib */; };
		3A6AE8E22918910300A9F520 /* InsightMostImpressiveCell.xib in Resources */ = {isa = PBXBuildFile; fileRef = 3A6AE8CE2918910200A9F520 /* InsightMostImpressiveCell.xib */; };
		3A6AE8E32918910300A9F520 /* InsiteStatisticsCell.swift in Sources */ = {isa = PBXBuildFile; fileRef = 3A6AE8CF2918910200A9F520 /* InsiteStatisticsCell.swift */; };
		3A6AE8E42918910300A9F520 /* InsightMyRankCell.swift in Sources */ = {isa = PBXBuildFile; fileRef = 3A6AE8D02918910200A9F520 /* InsightMyRankCell.swift */; };
		3A6AE8E52918910300A9F520 /* InsightTop3GenreCell.xib in Resources */ = {isa = PBXBuildFile; fileRef = 3A6AE8D12918910300A9F520 /* InsightTop3GenreCell.xib */; };
		3A6AE8E92918911B00A9F520 /* InsiteChartView.swift in Sources */ = {isa = PBXBuildFile; fileRef = 3A6AE8E72918911B00A9F520 /* InsiteChartView.swift */; };
		3A6AE8EA2918911B00A9F520 /* InsiteStatisticsGraphChartView.swift in Sources */ = {isa = PBXBuildFile; fileRef = 3A6AE8E82918911B00A9F520 /* InsiteStatisticsGraphChartView.swift */; };
		3A75DBBC28A0EA5700084DB1 /* Home.storyboard in Resources */ = {isa = PBXBuildFile; fileRef = 3A75DBBB28A0EA5700084DB1 /* Home.storyboard */; };
		3A75DBEE28A0F41000084DB1 /* TabBarController.swift in Sources */ = {isa = PBXBuildFile; fileRef = 3A75DBEC28A0F41000084DB1 /* TabBarController.swift */; };
		3A75DBF128A0F41D00084DB1 /* TabBar.storyboard in Resources */ = {isa = PBXBuildFile; fileRef = 3A75DBF028A0F41D00084DB1 /* TabBar.storyboard */; };
		3A75DBF628A0F5CE00084DB1 /* Record.storyboard in Resources */ = {isa = PBXBuildFile; fileRef = 3A75DBF528A0F5CE00084DB1 /* Record.storyboard */; };
		3A75DBF828A0F5D900084DB1 /* Calendar.storyboard in Resources */ = {isa = PBXBuildFile; fileRef = 3A75DBF728A0F5D900084DB1 /* Calendar.storyboard */; };
		3A77BE7328F57944005AFCAD /* PreReviewViewController+.swift in Sources */ = {isa = PBXBuildFile; fileRef = 3A77BE7228F57944005AFCAD /* PreReviewViewController+.swift */; };
		3A77BE7828F57B33005AFCAD /* PreReviewCollectionViewCell.swift in Sources */ = {isa = PBXBuildFile; fileRef = 3A77BE7628F57B33005AFCAD /* PreReviewCollectionViewCell.swift */; };
		3A77BE7928F57B33005AFCAD /* PreReviewCollectionViewCell.xib in Resources */ = {isa = PBXBuildFile; fileRef = 3A77BE7728F57B33005AFCAD /* PreReviewCollectionViewCell.xib */; };
		3A79685428B5DAA20054DF5A /* WorkDetailInfoViewController+.swift in Sources */ = {isa = PBXBuildFile; fileRef = 3A79685328B5DAA20054DF5A /* WorkDetailInfoViewController+.swift */; };
		3A8D172C289BBC7700B260D1 /* AppDelegate.swift in Sources */ = {isa = PBXBuildFile; fileRef = 3A8D172B289BBC7700B260D1 /* AppDelegate.swift */; };
		3A8D172E289BBC7700B260D1 /* SceneDelegate.swift in Sources */ = {isa = PBXBuildFile; fileRef = 3A8D172D289BBC7700B260D1 /* SceneDelegate.swift */; };
		3A8D1735289BBC7A00B260D1 /* Assets.xcassets in Resources */ = {isa = PBXBuildFile; fileRef = 3A8D1734289BBC7A00B260D1 /* Assets.xcassets */; };
		3A8D1738289BBC7A00B260D1 /* LaunchScreen.storyboard in Resources */ = {isa = PBXBuildFile; fileRef = 3A8D1736289BBC7A00B260D1 /* LaunchScreen.storyboard */; };
		3A8D1761289BBEA100B260D1 /* HomePresenter.swift in Sources */ = {isa = PBXBuildFile; fileRef = 3A8D175B289BBEA100B260D1 /* HomePresenter.swift */; };
		3A8D1762289BBEA100B260D1 /* HomeWorker.swift in Sources */ = {isa = PBXBuildFile; fileRef = 3A8D175C289BBEA100B260D1 /* HomeWorker.swift */; };
		3A8D1763289BBEA100B260D1 /* HomeRouter.swift in Sources */ = {isa = PBXBuildFile; fileRef = 3A8D175D289BBEA100B260D1 /* HomeRouter.swift */; };
		3A8D1764289BBEA100B260D1 /* HomeModels.swift in Sources */ = {isa = PBXBuildFile; fileRef = 3A8D175E289BBEA100B260D1 /* HomeModels.swift */; };
		3A8D1765289BBEA100B260D1 /* HomeViewController.swift in Sources */ = {isa = PBXBuildFile; fileRef = 3A8D175F289BBEA100B260D1 /* HomeViewController.swift */; };
		3A8D1766289BBEA100B260D1 /* HomeInteractor.swift in Sources */ = {isa = PBXBuildFile; fileRef = 3A8D1760289BBEA100B260D1 /* HomeInteractor.swift */; };
		3A8D176C289BC12200B260D1 /* .swiftlint.yml in Resources */ = {isa = PBXBuildFile; fileRef = 3A8D176B289BC12200B260D1 /* .swiftlint.yml */; };
		3A8D176E289BC21400B260D1 /* .gitignore in Resources */ = {isa = PBXBuildFile; fileRef = 3A8D176D289BC21400B260D1 /* .gitignore */; };
		3A8F862D28C625210028B45C /* EditGenre.storyboard in Resources */ = {isa = PBXBuildFile; fileRef = 3A8F862C28C625210028B45C /* EditGenre.storyboard */; };
		3A8F863528C6277D0028B45C /* EditGenrePresenter.swift in Sources */ = {isa = PBXBuildFile; fileRef = 3A8F862F28C6277D0028B45C /* EditGenrePresenter.swift */; };
		3A8F863628C6277D0028B45C /* EditGenreWorker.swift in Sources */ = {isa = PBXBuildFile; fileRef = 3A8F863028C6277D0028B45C /* EditGenreWorker.swift */; };
		3A8F863728C6277D0028B45C /* EditGenreRouter.swift in Sources */ = {isa = PBXBuildFile; fileRef = 3A8F863128C6277D0028B45C /* EditGenreRouter.swift */; };
		3A8F863828C6277D0028B45C /* EditGenreModels.swift in Sources */ = {isa = PBXBuildFile; fileRef = 3A8F863228C6277D0028B45C /* EditGenreModels.swift */; };
		3A8F863928C6277D0028B45C /* EditGenreViewController.swift in Sources */ = {isa = PBXBuildFile; fileRef = 3A8F863328C6277D0028B45C /* EditGenreViewController.swift */; };
		3A8F863A28C6277D0028B45C /* EditGenreInteractor.swift in Sources */ = {isa = PBXBuildFile; fileRef = 3A8F863428C6277D0028B45C /* EditGenreInteractor.swift */; };
		3AA56CF928BDDDE000FB66F5 /* RecordPresenter.swift in Sources */ = {isa = PBXBuildFile; fileRef = 3AA56CF328BDDDE000FB66F5 /* RecordPresenter.swift */; };
		3AA56CFA28BDDDE000FB66F5 /* RecordWorker.swift in Sources */ = {isa = PBXBuildFile; fileRef = 3AA56CF428BDDDE000FB66F5 /* RecordWorker.swift */; };
		3AA56CFB28BDDDE000FB66F5 /* RecordRouter.swift in Sources */ = {isa = PBXBuildFile; fileRef = 3AA56CF528BDDDE000FB66F5 /* RecordRouter.swift */; };
		3AA56CFC28BDDDE000FB66F5 /* RecordModels.swift in Sources */ = {isa = PBXBuildFile; fileRef = 3AA56CF628BDDDE000FB66F5 /* RecordModels.swift */; };
		3AA56CFD28BDDDE000FB66F5 /* RecordViewController.swift in Sources */ = {isa = PBXBuildFile; fileRef = 3AA56CF728BDDDE000FB66F5 /* RecordViewController.swift */; };
		3AA56CFE28BDDDE000FB66F5 /* RecordInteractor.swift in Sources */ = {isa = PBXBuildFile; fileRef = 3AA56CF828BDDDE000FB66F5 /* RecordInteractor.swift */; };
		3AA56D0128BDE7A600FB66F5 /* RecordViewController+.swift in Sources */ = {isa = PBXBuildFile; fileRef = 3AA56D0028BDE7A600FB66F5 /* RecordViewController+.swift */; };
		3AA56D0328BE580000FB66F5 /* WorkListCollectionViewCell.swift in Sources */ = {isa = PBXBuildFile; fileRef = 3AA56D0228BE580000FB66F5 /* WorkListCollectionViewCell.swift */; };
		3AA56D0528BE627300FB66F5 /* WorkTabCollectionViewCell.swift in Sources */ = {isa = PBXBuildFile; fileRef = 3AA56D0428BE627300FB66F5 /* WorkTabCollectionViewCell.swift */; };
		3AA56D0728BE743400FB66F5 /* WorkListCollectionViewCell.xib in Resources */ = {isa = PBXBuildFile; fileRef = 3AA56D0628BE743400FB66F5 /* WorkListCollectionViewCell.xib */; };
		3AAEE3E328C4E30D00B28582 /* UIView+.swift in Sources */ = {isa = PBXBuildFile; fileRef = 3AAEE3E228C4E30D00B28582 /* UIView+.swift */; };
		3AAEE3EB28C5CF3900B28582 /* EditCategoryPresenter.swift in Sources */ = {isa = PBXBuildFile; fileRef = 3AAEE3E528C5CF3900B28582 /* EditCategoryPresenter.swift */; };
		3AAEE3EC28C5CF3900B28582 /* EditCategoryWorker.swift in Sources */ = {isa = PBXBuildFile; fileRef = 3AAEE3E628C5CF3900B28582 /* EditCategoryWorker.swift */; };
		3AAEE3ED28C5CF3900B28582 /* EditCategoryRouter.swift in Sources */ = {isa = PBXBuildFile; fileRef = 3AAEE3E728C5CF3900B28582 /* EditCategoryRouter.swift */; };
		3AAEE3EE28C5CF3900B28582 /* EditCategoryModels.swift in Sources */ = {isa = PBXBuildFile; fileRef = 3AAEE3E828C5CF3900B28582 /* EditCategoryModels.swift */; };
		3AAEE3EF28C5CF3900B28582 /* EditCategoryViewController.swift in Sources */ = {isa = PBXBuildFile; fileRef = 3AAEE3E928C5CF3900B28582 /* EditCategoryViewController.swift */; };
		3AAEE3F028C5CF3900B28582 /* EditCategoryInteractor.swift in Sources */ = {isa = PBXBuildFile; fileRef = 3AAEE3EA28C5CF3900B28582 /* EditCategoryInteractor.swift */; };
		3AAEE3F228C5CF4500B28582 /* EditCategory.storyboard in Resources */ = {isa = PBXBuildFile; fileRef = 3AAEE3F128C5CF4500B28582 /* EditCategory.storyboard */; };
		3AAEE3F528C5D10100B28582 /* EditCategoryViewController+.swift in Sources */ = {isa = PBXBuildFile; fileRef = 3AAEE3F428C5D10100B28582 /* EditCategoryViewController+.swift */; };
		3AAEE3F928C5DA9900B28582 /* EditCategoryCollectionViewCell.swift in Sources */ = {isa = PBXBuildFile; fileRef = 3AAEE3F828C5DA9900B28582 /* EditCategoryCollectionViewCell.swift */; };
		3AB1431828F767FC0041C9CC /* MySearchPresenter.swift in Sources */ = {isa = PBXBuildFile; fileRef = 3AB1431228F767FC0041C9CC /* MySearchPresenter.swift */; };
		3AB1431928F767FC0041C9CC /* MySearchWorker.swift in Sources */ = {isa = PBXBuildFile; fileRef = 3AB1431328F767FC0041C9CC /* MySearchWorker.swift */; };
		3AB1431A28F767FC0041C9CC /* MySearchRouter.swift in Sources */ = {isa = PBXBuildFile; fileRef = 3AB1431428F767FC0041C9CC /* MySearchRouter.swift */; };
		3AB1431B28F767FC0041C9CC /* MySearchModels.swift in Sources */ = {isa = PBXBuildFile; fileRef = 3AB1431528F767FC0041C9CC /* MySearchModels.swift */; };
		3AB1431C28F767FC0041C9CC /* MySearchViewController.swift in Sources */ = {isa = PBXBuildFile; fileRef = 3AB1431628F767FC0041C9CC /* MySearchViewController.swift */; };
		3AB1431D28F767FC0041C9CC /* MySearchInteractor.swift in Sources */ = {isa = PBXBuildFile; fileRef = 3AB1431728F767FC0041C9CC /* MySearchInteractor.swift */; };
		3AB1431F28F768080041C9CC /* MySearch.storyboard in Resources */ = {isa = PBXBuildFile; fileRef = 3AB1431E28F768080041C9CC /* MySearch.storyboard */; };
		3AB1432328F76FBC0041C9CC /* MySearchTableViewCell.swift in Sources */ = {isa = PBXBuildFile; fileRef = 3AB1432128F76FBC0041C9CC /* MySearchTableViewCell.swift */; };
		3AB1432428F76FBC0041C9CC /* MySearchTableViewCell.xib in Resources */ = {isa = PBXBuildFile; fileRef = 3AB1432228F76FBC0041C9CC /* MySearchTableViewCell.xib */; };
		3AB1432628F88F860041C9CC /* MySearchViewController+.swift in Sources */ = {isa = PBXBuildFile; fileRef = 3AB1432528F88F860041C9CC /* MySearchViewController+.swift */; };
		3AB80F94290D64E800F032EC /* ModifyProfile.storyboard in Resources */ = {isa = PBXBuildFile; fileRef = 3AB80F93290D64E800F032EC /* ModifyProfile.storyboard */; };
		3AB80F9B290D6C3500F032EC /* ModifyProfilePresenter.swift in Sources */ = {isa = PBXBuildFile; fileRef = 3AB80F95290D6C3500F032EC /* ModifyProfilePresenter.swift */; };
		3AB80F9C290D6C3500F032EC /* ModifyProfileWorker.swift in Sources */ = {isa = PBXBuildFile; fileRef = 3AB80F96290D6C3500F032EC /* ModifyProfileWorker.swift */; };
		3AB80F9D290D6C3500F032EC /* ModifyProfileRouter.swift in Sources */ = {isa = PBXBuildFile; fileRef = 3AB80F97290D6C3500F032EC /* ModifyProfileRouter.swift */; };
		3AB80F9E290D6C3500F032EC /* ModifyProfileModels.swift in Sources */ = {isa = PBXBuildFile; fileRef = 3AB80F98290D6C3500F032EC /* ModifyProfileModels.swift */; };
		3AB80F9F290D6C3500F032EC /* ModifyProfileViewController.swift in Sources */ = {isa = PBXBuildFile; fileRef = 3AB80F99290D6C3500F032EC /* ModifyProfileViewController.swift */; };
		3AB80FA0290D6C3500F032EC /* ModifyProfileInteractor.swift in Sources */ = {isa = PBXBuildFile; fileRef = 3AB80F9A290D6C3500F032EC /* ModifyProfileInteractor.swift */; };
		3AB9CFBC28B4E84300A600DB /* WorkDetailInfoPresenter.swift in Sources */ = {isa = PBXBuildFile; fileRef = 3AB9CFB628B4E84300A600DB /* WorkDetailInfoPresenter.swift */; };
		3AB9CFBD28B4E84300A600DB /* WorkDetailInfoWorker.swift in Sources */ = {isa = PBXBuildFile; fileRef = 3AB9CFB728B4E84300A600DB /* WorkDetailInfoWorker.swift */; };
		3AB9CFBE28B4E84300A600DB /* WorkDetailInfoRouter.swift in Sources */ = {isa = PBXBuildFile; fileRef = 3AB9CFB828B4E84300A600DB /* WorkDetailInfoRouter.swift */; };
		3AB9CFBF28B4E84300A600DB /* WorkDetailInfoModels.swift in Sources */ = {isa = PBXBuildFile; fileRef = 3AB9CFB928B4E84300A600DB /* WorkDetailInfoModels.swift */; };
		3AB9CFC028B4E84300A600DB /* WorkDetailInfoViewController.swift in Sources */ = {isa = PBXBuildFile; fileRef = 3AB9CFBA28B4E84300A600DB /* WorkDetailInfoViewController.swift */; };
		3AB9CFC128B4E84300A600DB /* WorkDetailInfoInteractor.swift in Sources */ = {isa = PBXBuildFile; fileRef = 3AB9CFBB28B4E84300A600DB /* WorkDetailInfoInteractor.swift */; };
		3AB9CFC328B4E86100A600DB /* WorkDetailInfo.storyboard in Resources */ = {isa = PBXBuildFile; fileRef = 3AB9CFC228B4E86100A600DB /* WorkDetailInfo.storyboard */; };
		3AD4F11D28C0808200598D28 /* DropDownHeader.swift in Sources */ = {isa = PBXBuildFile; fileRef = 3AD4F11C28C0808200598D28 /* DropDownHeader.swift */; };
		3AD4F11F28C08BA800598D28 /* TabHeader.swift in Sources */ = {isa = PBXBuildFile; fileRef = 3AD4F11E28C08BA800598D28 /* TabHeader.swift */; };
		3AD4F12128C08C7E00598D28 /* DropDownHeader.xib in Resources */ = {isa = PBXBuildFile; fileRef = 3AD4F12028C08C7E00598D28 /* DropDownHeader.xib */; };
		3AD4F12328C09EB700598D28 /* TabHeader.xib in Resources */ = {isa = PBXBuildFile; fileRef = 3AD4F12228C09EB700598D28 /* TabHeader.xib */; };
		3AD4F12628C0A66600598D28 /* UIColor+.swift in Sources */ = {isa = PBXBuildFile; fileRef = 3AD4F12528C0A66600598D28 /* UIColor+.swift */; };
		3AD4F12828C0AFF900598D28 /* CALayer+.swift in Sources */ = {isa = PBXBuildFile; fileRef = 3AD4F12728C0AFF900598D28 /* CALayer+.swift */; };
		3ADA9B7028A534B300EB39F3 /* HomeViewController+.swift in Sources */ = {isa = PBXBuildFile; fileRef = 3ADA9B6F28A534B300EB39F3 /* HomeViewController+.swift */; };
		3ADA9B7528A56AA800EB39F3 /* CustomCategory.xib in Resources */ = {isa = PBXBuildFile; fileRef = 3ADA9B7428A56AA800EB39F3 /* CustomCategory.xib */; };
		3ADA9B7728A56AB600EB39F3 /* CustomCategory.swift in Sources */ = {isa = PBXBuildFile; fileRef = 3ADA9B7628A56AB600EB39F3 /* CustomCategory.swift */; };
		3ADA9B7B28A5810C00EB39F3 /* Designables.swift in Sources */ = {isa = PBXBuildFile; fileRef = 3ADA9B7A28A5810C00EB39F3 /* Designables.swift */; };
		3AE6A55828ED9B08008ED7DB /* WorkCollectionViewCellModels.swift in Sources */ = {isa = PBXBuildFile; fileRef = 3AE6A55728ED9B08008ED7DB /* WorkCollectionViewCellModels.swift */; };
		3AE6A55A28ED9D0D008ED7DB /* CategoryModels.swift in Sources */ = {isa = PBXBuildFile; fileRef = 3AE6A55928ED9D0D008ED7DB /* CategoryModels.swift */; };
		3AEDB70128DD86B100C3DB8D /* WorkInfo.xib in Resources */ = {isa = PBXBuildFile; fileRef = 3AEDB70028DD86B100C3DB8D /* WorkInfo.xib */; };
		3AEDB70328DE03D100C3DB8D /* WorkInfo.swift in Sources */ = {isa = PBXBuildFile; fileRef = 3AEDB70228DE03D100C3DB8D /* WorkInfo.swift */; };
		3AEDB70B28DE07FC00C3DB8D /* PreReviewPresenter.swift in Sources */ = {isa = PBXBuildFile; fileRef = 3AEDB70528DE07FC00C3DB8D /* PreReviewPresenter.swift */; };
		3AEDB70C28DE07FC00C3DB8D /* PreReviewWorker.swift in Sources */ = {isa = PBXBuildFile; fileRef = 3AEDB70628DE07FC00C3DB8D /* PreReviewWorker.swift */; };
		3AEDB70D28DE07FC00C3DB8D /* PreReviewRouter.swift in Sources */ = {isa = PBXBuildFile; fileRef = 3AEDB70728DE07FC00C3DB8D /* PreReviewRouter.swift */; };
		3AEDB70E28DE07FC00C3DB8D /* PreReviewModels.swift in Sources */ = {isa = PBXBuildFile; fileRef = 3AEDB70828DE07FC00C3DB8D /* PreReviewModels.swift */; };
		3AEDB70F28DE07FC00C3DB8D /* PreReviewViewController.swift in Sources */ = {isa = PBXBuildFile; fileRef = 3AEDB70928DE07FC00C3DB8D /* PreReviewViewController.swift */; };
		3AEDB71028DE07FC00C3DB8D /* PreReviewInteractor.swift in Sources */ = {isa = PBXBuildFile; fileRef = 3AEDB70A28DE07FC00C3DB8D /* PreReviewInteractor.swift */; };
		3AEDB71228DE080600C3DB8D /* PreReview.storyboard in Resources */ = {isa = PBXBuildFile; fileRef = 3AEDB71128DE080600C3DB8D /* PreReview.storyboard */; };
		3AEDB71728DF3D4500C3DB8D /* StarRatingSlider.swift in Sources */ = {isa = PBXBuildFile; fileRef = 3AEDB71628DF3D4500C3DB8D /* StarRatingSlider.swift */; };
		3AF1DF88290C11260095673A /* ReviewModels.swift in Sources */ = {isa = PBXBuildFile; fileRef = 3AF1DF87290C11260095673A /* ReviewModels.swift */; };
		5378CB535FDA0F3B59555621 /* Pods_Recody.framework in Frameworks */ = {isa = PBXBuildFile; fileRef = 91F36BB44ACD79BEDA668B20 /* Pods_Recody.framework */; };
/* End PBXBuildFile section */

/* Begin PBXFileReference section */
		2010986C2900C8FD00C1B4CE /* ProtocolEx1.swift */ = {isa = PBXFileReference; lastKnownFileType = sourcecode.swift; path = ProtocolEx1.swift; sourceTree = "<group>"; };
		2010986E2900CC3B00C1B4CE /* ProtocolEx2.swift */ = {isa = PBXFileReference; lastKnownFileType = sourcecode.swift; path = ProtocolEx2.swift; sourceTree = "<group>"; };
		201098702900CD5300C1B4CE /* ProtocolEx3.swift */ = {isa = PBXFileReference; lastKnownFileType = sourcecode.swift; path = ProtocolEx3.swift; sourceTree = "<group>"; };
		201098722900CF5300C1B4CE /* ProtocolEx4.swift */ = {isa = PBXFileReference; lastKnownFileType = sourcecode.swift; path = ProtocolEx4.swift; sourceTree = "<group>"; };
		201098742900D03700C1B4CE /* ProtocolEx5.swift */ = {isa = PBXFileReference; lastKnownFileType = sourcecode.swift; path = ProtocolEx5.swift; sourceTree = "<group>"; };
		2010987B2900D23100C1B4CE /* ProtocolEx6.swift */ = {isa = PBXFileReference; lastKnownFileType = sourcecode.swift; path = ProtocolEx6.swift; sourceTree = "<group>"; };
		2010987F2900D43500C1B4CE /* Suggest1.swift */ = {isa = PBXFileReference; lastKnownFileType = sourcecode.swift; path = Suggest1.swift; sourceTree = "<group>"; };
		20C6F9FD29077B6C009296E3 /* PresenterType.swift */ = {isa = PBXFileReference; lastKnownFileType = sourcecode.swift; path = PresenterType.swift; sourceTree = "<group>"; };
		20C6FA002907996E009296E3 /* SampleViewController.swift */ = {isa = PBXFileReference; lastKnownFileType = sourcecode.swift; path = SampleViewController.swift; sourceTree = "<group>"; };
		20CCE772290684FD00BB8F63 /* DefaultDataModel.swift */ = {isa = PBXFileReference; lastKnownFileType = sourcecode.swift; path = DefaultDataModel.swift; sourceTree = "<group>"; };
		20DBFAFA29029366009CEF76 /* InteractorType+.swift */ = {isa = PBXFileReference; fileEncoding = 4; lastKnownFileType = sourcecode.swift; path = "InteractorType+.swift"; sourceTree = "<group>"; };
		20DBFAFB29029366009CEF76 /* UIViewController+.swift */ = {isa = PBXFileReference; fileEncoding = 4; lastKnownFileType = sourcecode.swift; path = "UIViewController+.swift"; sourceTree = "<group>"; };
		20DBFAFC29029366009CEF76 /* DependencyContainer.swift */ = {isa = PBXFileReference; fileEncoding = 4; lastKnownFileType = sourcecode.swift; path = DependencyContainer.swift; sourceTree = "<group>"; };
		20DBFAFD29029366009CEF76 /* README.md */ = {isa = PBXFileReference; fileEncoding = 4; lastKnownFileType = net.daringfireball.markdown; path = README.md; sourceTree = "<group>"; };
		20DBFAFE29029366009CEF76 /* RoutingLogic.swift */ = {isa = PBXFileReference; fileEncoding = 4; lastKnownFileType = sourcecode.swift; path = RoutingLogic.swift; sourceTree = "<group>"; };
		20DBFAFF29029366009CEF76 /* WorkerType+.swift */ = {isa = PBXFileReference; fileEncoding = 4; lastKnownFileType = sourcecode.swift; path = "WorkerType+.swift"; sourceTree = "<group>"; };
		20DBFB0029029366009CEF76 /* RouterType+.swift */ = {isa = PBXFileReference; fileEncoding = 4; lastKnownFileType = sourcecode.swift; path = "RouterType+.swift"; sourceTree = "<group>"; };
		3A20345E28D01ABC00C417CB /* EditGenreViewController+.swift */ = {isa = PBXFileReference; lastKnownFileType = sourcecode.swift; path = "EditGenreViewController+.swift"; sourceTree = "<group>"; };
		3A20346028D01E0F00C417CB /* UIScrollView+.swift */ = {isa = PBXFileReference; lastKnownFileType = sourcecode.swift; path = "UIScrollView+.swift"; sourceTree = "<group>"; };
		3A20346228D01E3A00C417CB /* EditGenreCollectionViewCell.swift */ = {isa = PBXFileReference; lastKnownFileType = sourcecode.swift; path = EditGenreCollectionViewCell.swift; sourceTree = "<group>"; };
		3A34164F28FF5CF000C4D698 /* MyPagePresenter.swift */ = {isa = PBXFileReference; lastKnownFileType = sourcecode.swift; path = MyPagePresenter.swift; sourceTree = "<group>"; };
		3A34165028FF5CF000C4D698 /* MyPageWorker.swift */ = {isa = PBXFileReference; lastKnownFileType = sourcecode.swift; path = MyPageWorker.swift; sourceTree = "<group>"; };
		3A34165128FF5CF000C4D698 /* MyPageRouter.swift */ = {isa = PBXFileReference; lastKnownFileType = sourcecode.swift; path = MyPageRouter.swift; sourceTree = "<group>"; };
		3A34165228FF5CF000C4D698 /* MyPageModels.swift */ = {isa = PBXFileReference; lastKnownFileType = sourcecode.swift; path = MyPageModels.swift; sourceTree = "<group>"; };
		3A34165328FF5CF000C4D698 /* MyPageViewController.swift */ = {isa = PBXFileReference; lastKnownFileType = sourcecode.swift; path = MyPageViewController.swift; sourceTree = "<group>"; };
		3A34165428FF5CF000C4D698 /* MyPageInteractor.swift */ = {isa = PBXFileReference; lastKnownFileType = sourcecode.swift; path = MyPageInteractor.swift; sourceTree = "<group>"; };
		3A34165B28FF5CF900C4D698 /* MyPage.storyboard */ = {isa = PBXFileReference; lastKnownFileType = file.storyboard; path = MyPage.storyboard; sourceTree = "<group>"; };
		3A6AE88D2918901900A9F520 /* TableCellViewModel+.swift */ = {isa = PBXFileReference; lastKnownFileType = sourcecode.swift; path = "TableCellViewModel+.swift"; sourceTree = "<group>"; };
		3A6AE88F2918903700A9F520 /* InsightViewController.swift */ = {isa = PBXFileReference; lastKnownFileType = sourcecode.swift; path = InsightViewController.swift; sourceTree = "<group>"; };
		3A6AE8912918906300A9F520 /* Insight.storyboard */ = {isa = PBXFileReference; lastKnownFileType = file.storyboard; path = Insight.storyboard; sourceTree = "<group>"; };
		3A6AE8BE2918910200A9F520 /* InsightHallOfFameCell.xib */ = {isa = PBXFileReference; fileEncoding = 4; lastKnownFileType = file.xib; path = InsightHallOfFameCell.xib; sourceTree = "<group>"; };
		3A6AE8BF2918910200A9F520 /* InsightMyRankCell.xib */ = {isa = PBXFileReference; fileEncoding = 4; lastKnownFileType = file.xib; path = InsightMyRankCell.xib; sourceTree = "<group>"; };
		3A6AE8C02918910200A9F520 /* InsightShareCell.xib */ = {isa = PBXFileReference; fileEncoding = 4; lastKnownFileType = file.xib; path = InsightShareCell.xib; sourceTree = "<group>"; };
		3A6AE8C12918910200A9F520 /* InsightMostAppreciationCell.swift */ = {isa = PBXFileReference; fileEncoding = 4; lastKnownFileType = sourcecode.swift; path = InsightMostAppreciationCell.swift; sourceTree = "<group>"; };
		3A6AE8C22918910200A9F520 /* InsightFirstRecordCell.swift */ = {isa = PBXFileReference; fileEncoding = 4; lastKnownFileType = sourcecode.swift; path = InsightFirstRecordCell.swift; sourceTree = "<group>"; };
		3A6AE8C32918910200A9F520 /* InsightMostImpressiveCell.swift */ = {isa = PBXFileReference; fileEncoding = 4; lastKnownFileType = sourcecode.swift; path = InsightMostImpressiveCell.swift; sourceTree = "<group>"; };
		3A6AE8C42918910200A9F520 /* InsightHallOfFameCell.swift */ = {isa = PBXFileReference; fileEncoding = 4; lastKnownFileType = sourcecode.swift; path = InsightHallOfFameCell.swift; sourceTree = "<group>"; };
		3A6AE8C52918910200A9F520 /* InsightAllUserMostAppreciationCell.swift */ = {isa = PBXFileReference; fileEncoding = 4; lastKnownFileType = sourcecode.swift; path = InsightAllUserMostAppreciationCell.swift; sourceTree = "<group>"; };
		3A6AE8C62918910200A9F520 /* InsightShareCell.swift */ = {isa = PBXFileReference; fileEncoding = 4; lastKnownFileType = sourcecode.swift; path = InsightShareCell.swift; sourceTree = "<group>"; };
		3A6AE8C72918910200A9F520 /* InsightStatisticsCell.xib */ = {isa = PBXFileReference; fileEncoding = 4; lastKnownFileType = file.xib; path = InsightStatisticsCell.xib; sourceTree = "<group>"; };
		3A6AE8C82918910200A9F520 /* InsightFirstRecordCell.xib */ = {isa = PBXFileReference; fileEncoding = 4; lastKnownFileType = file.xib; path = InsightFirstRecordCell.xib; sourceTree = "<group>"; };
		3A6AE8C92918910200A9F520 /* InsightTop3GenreCell.swift */ = {isa = PBXFileReference; fileEncoding = 4; lastKnownFileType = sourcecode.swift; path = InsightTop3GenreCell.swift; sourceTree = "<group>"; };
		3A6AE8CA2918910200A9F520 /* InsightAllUserMostAppreciationCell.xib */ = {isa = PBXFileReference; fileEncoding = 4; lastKnownFileType = file.xib; path = InsightAllUserMostAppreciationCell.xib; sourceTree = "<group>"; };
		3A6AE8CB2918910200A9F520 /* InsightMostAppreciationCell.xib */ = {isa = PBXFileReference; fileEncoding = 4; lastKnownFileType = file.xib; path = InsightMostAppreciationCell.xib; sourceTree = "<group>"; };
		3A6AE8CC2918910200A9F520 /* InsightStatisticsGraphCell.swift */ = {isa = PBXFileReference; fileEncoding = 4; lastKnownFileType = sourcecode.swift; path = InsightStatisticsGraphCell.swift; sourceTree = "<group>"; };
		3A6AE8CD2918910200A9F520 /* InsightStatisticsGraphCell.xib */ = {isa = PBXFileReference; fileEncoding = 4; lastKnownFileType = file.xib; path = InsightStatisticsGraphCell.xib; sourceTree = "<group>"; };
		3A6AE8CE2918910200A9F520 /* InsightMostImpressiveCell.xib */ = {isa = PBXFileReference; fileEncoding = 4; lastKnownFileType = file.xib; path = InsightMostImpressiveCell.xib; sourceTree = "<group>"; };
		3A6AE8CF2918910200A9F520 /* InsiteStatisticsCell.swift */ = {isa = PBXFileReference; fileEncoding = 4; lastKnownFileType = sourcecode.swift; path = InsiteStatisticsCell.swift; sourceTree = "<group>"; };
		3A6AE8D02918910200A9F520 /* InsightMyRankCell.swift */ = {isa = PBXFileReference; fileEncoding = 4; lastKnownFileType = sourcecode.swift; path = InsightMyRankCell.swift; sourceTree = "<group>"; };
		3A6AE8D12918910300A9F520 /* InsightTop3GenreCell.xib */ = {isa = PBXFileReference; fileEncoding = 4; lastKnownFileType = file.xib; path = InsightTop3GenreCell.xib; sourceTree = "<group>"; };
		3A6AE8E72918911B00A9F520 /* InsiteChartView.swift */ = {isa = PBXFileReference; fileEncoding = 4; lastKnownFileType = sourcecode.swift; path = InsiteChartView.swift; sourceTree = "<group>"; };
		3A6AE8E82918911B00A9F520 /* InsiteStatisticsGraphChartView.swift */ = {isa = PBXFileReference; fileEncoding = 4; lastKnownFileType = sourcecode.swift; path = InsiteStatisticsGraphChartView.swift; sourceTree = "<group>"; };
		3A75DBBB28A0EA5700084DB1 /* Home.storyboard */ = {isa = PBXFileReference; lastKnownFileType = file.storyboard; path = Home.storyboard; sourceTree = "<group>"; };
		3A75DBEC28A0F41000084DB1 /* TabBarController.swift */ = {isa = PBXFileReference; lastKnownFileType = sourcecode.swift; path = TabBarController.swift; sourceTree = "<group>"; };
		3A75DBF028A0F41D00084DB1 /* TabBar.storyboard */ = {isa = PBXFileReference; lastKnownFileType = file.storyboard; path = TabBar.storyboard; sourceTree = "<group>"; };
		3A75DBF528A0F5CE00084DB1 /* Record.storyboard */ = {isa = PBXFileReference; lastKnownFileType = file.storyboard; path = Record.storyboard; sourceTree = "<group>"; };
		3A75DBF728A0F5D900084DB1 /* Calendar.storyboard */ = {isa = PBXFileReference; lastKnownFileType = file.storyboard; path = Calendar.storyboard; sourceTree = "<group>"; };
		3A77BE7228F57944005AFCAD /* PreReviewViewController+.swift */ = {isa = PBXFileReference; lastKnownFileType = sourcecode.swift; path = "PreReviewViewController+.swift"; sourceTree = "<group>"; };
		3A77BE7628F57B33005AFCAD /* PreReviewCollectionViewCell.swift */ = {isa = PBXFileReference; lastKnownFileType = sourcecode.swift; path = PreReviewCollectionViewCell.swift; sourceTree = "<group>"; };
		3A77BE7728F57B33005AFCAD /* PreReviewCollectionViewCell.xib */ = {isa = PBXFileReference; lastKnownFileType = file.xib; path = PreReviewCollectionViewCell.xib; sourceTree = "<group>"; };
		3A79685328B5DAA20054DF5A /* WorkDetailInfoViewController+.swift */ = {isa = PBXFileReference; lastKnownFileType = sourcecode.swift; path = "WorkDetailInfoViewController+.swift"; sourceTree = "<group>"; };
		3A8D1728289BBC7700B260D1 /* Recody.app */ = {isa = PBXFileReference; explicitFileType = wrapper.application; includeInIndex = 0; path = Recody.app; sourceTree = BUILT_PRODUCTS_DIR; };
		3A8D172B289BBC7700B260D1 /* AppDelegate.swift */ = {isa = PBXFileReference; lastKnownFileType = sourcecode.swift; path = AppDelegate.swift; sourceTree = "<group>"; };
		3A8D172D289BBC7700B260D1 /* SceneDelegate.swift */ = {isa = PBXFileReference; lastKnownFileType = sourcecode.swift; path = SceneDelegate.swift; sourceTree = "<group>"; };
		3A8D1734289BBC7A00B260D1 /* Assets.xcassets */ = {isa = PBXFileReference; lastKnownFileType = folder.assetcatalog; path = Assets.xcassets; sourceTree = "<group>"; };
		3A8D1737289BBC7A00B260D1 /* Base */ = {isa = PBXFileReference; lastKnownFileType = file.storyboard; name = Base; path = Base.lproj/LaunchScreen.storyboard; sourceTree = "<group>"; };
		3A8D1739289BBC7A00B260D1 /* Info.plist */ = {isa = PBXFileReference; lastKnownFileType = text.plist.xml; path = Info.plist; sourceTree = "<group>"; };
		3A8D175B289BBEA100B260D1 /* HomePresenter.swift */ = {isa = PBXFileReference; lastKnownFileType = sourcecode.swift; path = HomePresenter.swift; sourceTree = "<group>"; };
		3A8D175C289BBEA100B260D1 /* HomeWorker.swift */ = {isa = PBXFileReference; lastKnownFileType = sourcecode.swift; path = HomeWorker.swift; sourceTree = "<group>"; };
		3A8D175D289BBEA100B260D1 /* HomeRouter.swift */ = {isa = PBXFileReference; lastKnownFileType = sourcecode.swift; path = HomeRouter.swift; sourceTree = "<group>"; };
		3A8D175E289BBEA100B260D1 /* HomeModels.swift */ = {isa = PBXFileReference; lastKnownFileType = sourcecode.swift; path = HomeModels.swift; sourceTree = "<group>"; };
		3A8D175F289BBEA100B260D1 /* HomeViewController.swift */ = {isa = PBXFileReference; lastKnownFileType = sourcecode.swift; path = HomeViewController.swift; sourceTree = "<group>"; };
		3A8D1760289BBEA100B260D1 /* HomeInteractor.swift */ = {isa = PBXFileReference; lastKnownFileType = sourcecode.swift; path = HomeInteractor.swift; sourceTree = "<group>"; };
		3A8D176B289BC12200B260D1 /* .swiftlint.yml */ = {isa = PBXFileReference; lastKnownFileType = text.yaml; path = .swiftlint.yml; sourceTree = "<group>"; };
		3A8D176D289BC21400B260D1 /* .gitignore */ = {isa = PBXFileReference; lastKnownFileType = text; path = .gitignore; sourceTree = "<group>"; };
		3A8F862C28C625210028B45C /* EditGenre.storyboard */ = {isa = PBXFileReference; lastKnownFileType = file.storyboard; path = EditGenre.storyboard; sourceTree = "<group>"; };
		3A8F862F28C6277D0028B45C /* EditGenrePresenter.swift */ = {isa = PBXFileReference; lastKnownFileType = sourcecode.swift; path = EditGenrePresenter.swift; sourceTree = "<group>"; };
		3A8F863028C6277D0028B45C /* EditGenreWorker.swift */ = {isa = PBXFileReference; lastKnownFileType = sourcecode.swift; path = EditGenreWorker.swift; sourceTree = "<group>"; };
		3A8F863128C6277D0028B45C /* EditGenreRouter.swift */ = {isa = PBXFileReference; lastKnownFileType = sourcecode.swift; path = EditGenreRouter.swift; sourceTree = "<group>"; };
		3A8F863228C6277D0028B45C /* EditGenreModels.swift */ = {isa = PBXFileReference; lastKnownFileType = sourcecode.swift; path = EditGenreModels.swift; sourceTree = "<group>"; };
		3A8F863328C6277D0028B45C /* EditGenreViewController.swift */ = {isa = PBXFileReference; lastKnownFileType = sourcecode.swift; path = EditGenreViewController.swift; sourceTree = "<group>"; };
		3A8F863428C6277D0028B45C /* EditGenreInteractor.swift */ = {isa = PBXFileReference; lastKnownFileType = sourcecode.swift; path = EditGenreInteractor.swift; sourceTree = "<group>"; };
		3AA56CF328BDDDE000FB66F5 /* RecordPresenter.swift */ = {isa = PBXFileReference; lastKnownFileType = sourcecode.swift; path = RecordPresenter.swift; sourceTree = "<group>"; };
		3AA56CF428BDDDE000FB66F5 /* RecordWorker.swift */ = {isa = PBXFileReference; lastKnownFileType = sourcecode.swift; path = RecordWorker.swift; sourceTree = "<group>"; };
		3AA56CF528BDDDE000FB66F5 /* RecordRouter.swift */ = {isa = PBXFileReference; lastKnownFileType = sourcecode.swift; path = RecordRouter.swift; sourceTree = "<group>"; };
		3AA56CF628BDDDE000FB66F5 /* RecordModels.swift */ = {isa = PBXFileReference; lastKnownFileType = sourcecode.swift; path = RecordModels.swift; sourceTree = "<group>"; };
		3AA56CF728BDDDE000FB66F5 /* RecordViewController.swift */ = {isa = PBXFileReference; lastKnownFileType = sourcecode.swift; path = RecordViewController.swift; sourceTree = "<group>"; };
		3AA56CF828BDDDE000FB66F5 /* RecordInteractor.swift */ = {isa = PBXFileReference; lastKnownFileType = sourcecode.swift; path = RecordInteractor.swift; sourceTree = "<group>"; };
		3AA56D0028BDE7A600FB66F5 /* RecordViewController+.swift */ = {isa = PBXFileReference; lastKnownFileType = sourcecode.swift; path = "RecordViewController+.swift"; sourceTree = "<group>"; };
		3AA56D0228BE580000FB66F5 /* WorkListCollectionViewCell.swift */ = {isa = PBXFileReference; lastKnownFileType = sourcecode.swift; path = WorkListCollectionViewCell.swift; sourceTree = "<group>"; };
		3AA56D0428BE627300FB66F5 /* WorkTabCollectionViewCell.swift */ = {isa = PBXFileReference; lastKnownFileType = sourcecode.swift; path = WorkTabCollectionViewCell.swift; sourceTree = "<group>"; };
		3AA56D0628BE743400FB66F5 /* WorkListCollectionViewCell.xib */ = {isa = PBXFileReference; lastKnownFileType = file.xib; path = WorkListCollectionViewCell.xib; sourceTree = "<group>"; };
		3AAEE3E228C4E30D00B28582 /* UIView+.swift */ = {isa = PBXFileReference; lastKnownFileType = sourcecode.swift; path = "UIView+.swift"; sourceTree = "<group>"; };
		3AAEE3E528C5CF3900B28582 /* EditCategoryPresenter.swift */ = {isa = PBXFileReference; lastKnownFileType = sourcecode.swift; path = EditCategoryPresenter.swift; sourceTree = "<group>"; };
		3AAEE3E628C5CF3900B28582 /* EditCategoryWorker.swift */ = {isa = PBXFileReference; lastKnownFileType = sourcecode.swift; path = EditCategoryWorker.swift; sourceTree = "<group>"; };
		3AAEE3E728C5CF3900B28582 /* EditCategoryRouter.swift */ = {isa = PBXFileReference; lastKnownFileType = sourcecode.swift; path = EditCategoryRouter.swift; sourceTree = "<group>"; };
		3AAEE3E828C5CF3900B28582 /* EditCategoryModels.swift */ = {isa = PBXFileReference; lastKnownFileType = sourcecode.swift; path = EditCategoryModels.swift; sourceTree = "<group>"; };
		3AAEE3E928C5CF3900B28582 /* EditCategoryViewController.swift */ = {isa = PBXFileReference; lastKnownFileType = sourcecode.swift; path = EditCategoryViewController.swift; sourceTree = "<group>"; };
		3AAEE3EA28C5CF3900B28582 /* EditCategoryInteractor.swift */ = {isa = PBXFileReference; lastKnownFileType = sourcecode.swift; path = EditCategoryInteractor.swift; sourceTree = "<group>"; };
		3AAEE3F128C5CF4500B28582 /* EditCategory.storyboard */ = {isa = PBXFileReference; lastKnownFileType = file.storyboard; path = EditCategory.storyboard; sourceTree = "<group>"; };
		3AAEE3F428C5D10100B28582 /* EditCategoryViewController+.swift */ = {isa = PBXFileReference; lastKnownFileType = sourcecode.swift; path = "EditCategoryViewController+.swift"; sourceTree = "<group>"; };
		3AAEE3F828C5DA9900B28582 /* EditCategoryCollectionViewCell.swift */ = {isa = PBXFileReference; lastKnownFileType = sourcecode.swift; path = EditCategoryCollectionViewCell.swift; sourceTree = "<group>"; };
		3AB1431228F767FC0041C9CC /* MySearchPresenter.swift */ = {isa = PBXFileReference; lastKnownFileType = sourcecode.swift; path = MySearchPresenter.swift; sourceTree = "<group>"; };
		3AB1431328F767FC0041C9CC /* MySearchWorker.swift */ = {isa = PBXFileReference; lastKnownFileType = sourcecode.swift; path = MySearchWorker.swift; sourceTree = "<group>"; };
		3AB1431428F767FC0041C9CC /* MySearchRouter.swift */ = {isa = PBXFileReference; lastKnownFileType = sourcecode.swift; path = MySearchRouter.swift; sourceTree = "<group>"; };
		3AB1431528F767FC0041C9CC /* MySearchModels.swift */ = {isa = PBXFileReference; lastKnownFileType = sourcecode.swift; path = MySearchModels.swift; sourceTree = "<group>"; };
		3AB1431628F767FC0041C9CC /* MySearchViewController.swift */ = {isa = PBXFileReference; lastKnownFileType = sourcecode.swift; path = MySearchViewController.swift; sourceTree = "<group>"; };
		3AB1431728F767FC0041C9CC /* MySearchInteractor.swift */ = {isa = PBXFileReference; lastKnownFileType = sourcecode.swift; path = MySearchInteractor.swift; sourceTree = "<group>"; };
		3AB1431E28F768080041C9CC /* MySearch.storyboard */ = {isa = PBXFileReference; lastKnownFileType = file.storyboard; path = MySearch.storyboard; sourceTree = "<group>"; };
		3AB1432128F76FBC0041C9CC /* MySearchTableViewCell.swift */ = {isa = PBXFileReference; lastKnownFileType = sourcecode.swift; path = MySearchTableViewCell.swift; sourceTree = "<group>"; };
		3AB1432228F76FBC0041C9CC /* MySearchTableViewCell.xib */ = {isa = PBXFileReference; lastKnownFileType = file.xib; path = MySearchTableViewCell.xib; sourceTree = "<group>"; };
		3AB1432528F88F860041C9CC /* MySearchViewController+.swift */ = {isa = PBXFileReference; lastKnownFileType = sourcecode.swift; path = "MySearchViewController+.swift"; sourceTree = "<group>"; };
		3AB80F93290D64E800F032EC /* ModifyProfile.storyboard */ = {isa = PBXFileReference; lastKnownFileType = file.storyboard; path = ModifyProfile.storyboard; sourceTree = "<group>"; };
		3AB80F95290D6C3500F032EC /* ModifyProfilePresenter.swift */ = {isa = PBXFileReference; lastKnownFileType = sourcecode.swift; path = ModifyProfilePresenter.swift; sourceTree = "<group>"; };
		3AB80F96290D6C3500F032EC /* ModifyProfileWorker.swift */ = {isa = PBXFileReference; lastKnownFileType = sourcecode.swift; path = ModifyProfileWorker.swift; sourceTree = "<group>"; };
		3AB80F97290D6C3500F032EC /* ModifyProfileRouter.swift */ = {isa = PBXFileReference; lastKnownFileType = sourcecode.swift; path = ModifyProfileRouter.swift; sourceTree = "<group>"; };
		3AB80F98290D6C3500F032EC /* ModifyProfileModels.swift */ = {isa = PBXFileReference; lastKnownFileType = sourcecode.swift; path = ModifyProfileModels.swift; sourceTree = "<group>"; };
		3AB80F99290D6C3500F032EC /* ModifyProfileViewController.swift */ = {isa = PBXFileReference; lastKnownFileType = sourcecode.swift; path = ModifyProfileViewController.swift; sourceTree = "<group>"; };
		3AB80F9A290D6C3500F032EC /* ModifyProfileInteractor.swift */ = {isa = PBXFileReference; lastKnownFileType = sourcecode.swift; path = ModifyProfileInteractor.swift; sourceTree = "<group>"; };
		3AB9CFB628B4E84300A600DB /* WorkDetailInfoPresenter.swift */ = {isa = PBXFileReference; lastKnownFileType = sourcecode.swift; path = WorkDetailInfoPresenter.swift; sourceTree = "<group>"; };
		3AB9CFB728B4E84300A600DB /* WorkDetailInfoWorker.swift */ = {isa = PBXFileReference; lastKnownFileType = sourcecode.swift; path = WorkDetailInfoWorker.swift; sourceTree = "<group>"; };
		3AB9CFB828B4E84300A600DB /* WorkDetailInfoRouter.swift */ = {isa = PBXFileReference; lastKnownFileType = sourcecode.swift; path = WorkDetailInfoRouter.swift; sourceTree = "<group>"; };
		3AB9CFB928B4E84300A600DB /* WorkDetailInfoModels.swift */ = {isa = PBXFileReference; lastKnownFileType = sourcecode.swift; path = WorkDetailInfoModels.swift; sourceTree = "<group>"; };
		3AB9CFBA28B4E84300A600DB /* WorkDetailInfoViewController.swift */ = {isa = PBXFileReference; lastKnownFileType = sourcecode.swift; path = WorkDetailInfoViewController.swift; sourceTree = "<group>"; };
		3AB9CFBB28B4E84300A600DB /* WorkDetailInfoInteractor.swift */ = {isa = PBXFileReference; lastKnownFileType = sourcecode.swift; path = WorkDetailInfoInteractor.swift; sourceTree = "<group>"; };
		3AB9CFC228B4E86100A600DB /* WorkDetailInfo.storyboard */ = {isa = PBXFileReference; lastKnownFileType = file.storyboard; path = WorkDetailInfo.storyboard; sourceTree = "<group>"; };
		3AD4F11C28C0808200598D28 /* DropDownHeader.swift */ = {isa = PBXFileReference; lastKnownFileType = sourcecode.swift; path = DropDownHeader.swift; sourceTree = "<group>"; };
		3AD4F11E28C08BA800598D28 /* TabHeader.swift */ = {isa = PBXFileReference; lastKnownFileType = sourcecode.swift; path = TabHeader.swift; sourceTree = "<group>"; };
		3AD4F12028C08C7E00598D28 /* DropDownHeader.xib */ = {isa = PBXFileReference; lastKnownFileType = file.xib; path = DropDownHeader.xib; sourceTree = "<group>"; };
		3AD4F12228C09EB700598D28 /* TabHeader.xib */ = {isa = PBXFileReference; lastKnownFileType = file.xib; path = TabHeader.xib; sourceTree = "<group>"; };
		3AD4F12528C0A66600598D28 /* UIColor+.swift */ = {isa = PBXFileReference; lastKnownFileType = sourcecode.swift; path = "UIColor+.swift"; sourceTree = "<group>"; };
		3AD4F12728C0AFF900598D28 /* CALayer+.swift */ = {isa = PBXFileReference; lastKnownFileType = sourcecode.swift; path = "CALayer+.swift"; sourceTree = "<group>"; };
		3ADA9B6F28A534B300EB39F3 /* HomeViewController+.swift */ = {isa = PBXFileReference; lastKnownFileType = sourcecode.swift; path = "HomeViewController+.swift"; sourceTree = "<group>"; };
		3ADA9B7428A56AA800EB39F3 /* CustomCategory.xib */ = {isa = PBXFileReference; lastKnownFileType = file.xib; path = CustomCategory.xib; sourceTree = "<group>"; };
		3ADA9B7628A56AB600EB39F3 /* CustomCategory.swift */ = {isa = PBXFileReference; lastKnownFileType = sourcecode.swift; path = CustomCategory.swift; sourceTree = "<group>"; };
		3ADA9B7A28A5810C00EB39F3 /* Designables.swift */ = {isa = PBXFileReference; lastKnownFileType = sourcecode.swift; path = Designables.swift; sourceTree = "<group>"; };
		3AE6A55728ED9B08008ED7DB /* WorkCollectionViewCellModels.swift */ = {isa = PBXFileReference; lastKnownFileType = sourcecode.swift; path = WorkCollectionViewCellModels.swift; sourceTree = "<group>"; };
		3AE6A55928ED9D0D008ED7DB /* CategoryModels.swift */ = {isa = PBXFileReference; lastKnownFileType = sourcecode.swift; path = CategoryModels.swift; sourceTree = "<group>"; };
		3AEDB70028DD86B100C3DB8D /* WorkInfo.xib */ = {isa = PBXFileReference; lastKnownFileType = file.xib; path = WorkInfo.xib; sourceTree = "<group>"; };
		3AEDB70228DE03D100C3DB8D /* WorkInfo.swift */ = {isa = PBXFileReference; lastKnownFileType = sourcecode.swift; path = WorkInfo.swift; sourceTree = "<group>"; };
		3AEDB70528DE07FC00C3DB8D /* PreReviewPresenter.swift */ = {isa = PBXFileReference; lastKnownFileType = sourcecode.swift; path = PreReviewPresenter.swift; sourceTree = "<group>"; };
		3AEDB70628DE07FC00C3DB8D /* PreReviewWorker.swift */ = {isa = PBXFileReference; lastKnownFileType = sourcecode.swift; path = PreReviewWorker.swift; sourceTree = "<group>"; };
		3AEDB70728DE07FC00C3DB8D /* PreReviewRouter.swift */ = {isa = PBXFileReference; lastKnownFileType = sourcecode.swift; path = PreReviewRouter.swift; sourceTree = "<group>"; };
		3AEDB70828DE07FC00C3DB8D /* PreReviewModels.swift */ = {isa = PBXFileReference; lastKnownFileType = sourcecode.swift; path = PreReviewModels.swift; sourceTree = "<group>"; };
		3AEDB70928DE07FC00C3DB8D /* PreReviewViewController.swift */ = {isa = PBXFileReference; lastKnownFileType = sourcecode.swift; path = PreReviewViewController.swift; sourceTree = "<group>"; };
		3AEDB70A28DE07FC00C3DB8D /* PreReviewInteractor.swift */ = {isa = PBXFileReference; lastKnownFileType = sourcecode.swift; path = PreReviewInteractor.swift; sourceTree = "<group>"; };
		3AEDB71128DE080600C3DB8D /* PreReview.storyboard */ = {isa = PBXFileReference; lastKnownFileType = file.storyboard; path = PreReview.storyboard; sourceTree = "<group>"; };
		3AEDB71628DF3D4500C3DB8D /* StarRatingSlider.swift */ = {isa = PBXFileReference; lastKnownFileType = sourcecode.swift; path = StarRatingSlider.swift; sourceTree = "<group>"; };
		3AF1DF87290C11260095673A /* ReviewModels.swift */ = {isa = PBXFileReference; lastKnownFileType = sourcecode.swift; path = ReviewModels.swift; sourceTree = "<group>"; };
		91F36BB44ACD79BEDA668B20 /* Pods_Recody.framework */ = {isa = PBXFileReference; explicitFileType = wrapper.framework; includeInIndex = 0; path = Pods_Recody.framework; sourceTree = BUILT_PRODUCTS_DIR; };
		9D3CE433EC2F1321F641EC70 /* Pods-Recody.debug.xcconfig */ = {isa = PBXFileReference; includeInIndex = 1; lastKnownFileType = text.xcconfig; name = "Pods-Recody.debug.xcconfig"; path = "Target Support Files/Pods-Recody/Pods-Recody.debug.xcconfig"; sourceTree = "<group>"; };
		FF233E43192A2937998758EC /* Pods-Recody.release.xcconfig */ = {isa = PBXFileReference; includeInIndex = 1; lastKnownFileType = text.xcconfig; name = "Pods-Recody.release.xcconfig"; path = "Target Support Files/Pods-Recody/Pods-Recody.release.xcconfig"; sourceTree = "<group>"; };
/* End PBXFileReference section */

/* Begin PBXFrameworksBuildPhase section */
		3A8D1725289BBC7700B260D1 /* Frameworks */ = {
			isa = PBXFrameworksBuildPhase;
			buildActionMask = 2147483647;
			files = (
				5378CB535FDA0F3B59555621 /* Pods_Recody.framework in Frameworks */,
			);
			runOnlyForDeploymentPostprocessing = 0;
		};
/* End PBXFrameworksBuildPhase section */

/* Begin PBXGroup section */
		2010986B2900C8EC00C1B4CE /* TestGroup */ = {
			isa = PBXGroup;
			children = (
				2010987E2900D41500C1B4CE /* Suggest */,
				2010987D2900D40800C1B4CE /* Ex */,
			);
			path = TestGroup;
			sourceTree = "<group>";
		};
		2010987D2900D40800C1B4CE /* Ex */ = {
			isa = PBXGroup;
			children = (
				2010986C2900C8FD00C1B4CE /* ProtocolEx1.swift */,
				2010986E2900CC3B00C1B4CE /* ProtocolEx2.swift */,
				201098702900CD5300C1B4CE /* ProtocolEx3.swift */,
				201098722900CF5300C1B4CE /* ProtocolEx4.swift */,
				201098742900D03700C1B4CE /* ProtocolEx5.swift */,
				2010987B2900D23100C1B4CE /* ProtocolEx6.swift */,
			);
			path = Ex;
			sourceTree = "<group>";
		};
		2010987E2900D41500C1B4CE /* Suggest */ = {
			isa = PBXGroup;
			children = (
				2010987F2900D43500C1B4CE /* Suggest1.swift */,
			);
			path = Suggest;
			sourceTree = "<group>";
		};
		201098812900E39900C1B4CE /* YGKim */ = {
			isa = PBXGroup;
			children = (
				20DBFAFC29029366009CEF76 /* DependencyContainer.swift */,
				20DBFAFA29029366009CEF76 /* InteractorType+.swift */,
				20DBFAFD29029366009CEF76 /* README.md */,
				20DBFB0029029366009CEF76 /* RouterType+.swift */,
				20DBFAFE29029366009CEF76 /* RoutingLogic.swift */,
				20C6F9FD29077B6C009296E3 /* PresenterType.swift */,
				20DBFAFB29029366009CEF76 /* UIViewController+.swift */,
				20C6F9FF2907995F009296E3 /* SampleViewConrtoller */,
				20DBFAFF29029366009CEF76 /* WorkerType+.swift */,
				20CCE772290684FD00BB8F63 /* DefaultDataModel.swift */,
			);
			path = YGKim;
			sourceTree = "<group>";
		};
		20C6F9FF2907995F009296E3 /* SampleViewConrtoller */ = {
			isa = PBXGroup;
			children = (
				20C6FA002907996E009296E3 /* SampleViewController.swift */,
			);
			path = SampleViewConrtoller;
			sourceTree = "<group>";
		};
		3A34164E28FF5CD200C4D698 /* MyPage */ = {
			isa = PBXGroup;
			children = (
				3A6AE8E62918910900A9F520 /* Chart */,
				3A6AE88A29188EF000A9F520 /* Insight */,
				3AB80F92290D63D200F032EC /* ModifyProfile */,
				3AB2F07A29095F2100240E56 /* MyPage+ */,
				3A34164F28FF5CF000C4D698 /* MyPagePresenter.swift */,
				3A34165028FF5CF000C4D698 /* MyPageWorker.swift */,
				3A34165128FF5CF000C4D698 /* MyPageRouter.swift */,
				3A34165228FF5CF000C4D698 /* MyPageModels.swift */,
				3A34165328FF5CF000C4D698 /* MyPageViewController.swift */,
				3A34165428FF5CF000C4D698 /* MyPageInteractor.swift */,
				3A34165B28FF5CF900C4D698 /* MyPage.storyboard */,
			);
			path = MyPage;
			sourceTree = "<group>";
		};
		3A6AE88A29188EF000A9F520 /* Insight */ = {
			isa = PBXGroup;
			children = (
				3A6AE8BD291890CD00A9F520 /* InsightCell */,
				3A6AE88D2918901900A9F520 /* TableCellViewModel+.swift */,
				3A6AE88F2918903700A9F520 /* InsightViewController.swift */,
				3A6AE8912918906300A9F520 /* Insight.storyboard */,
			);
			path = Insight;
			sourceTree = "<group>";
		};
		3A6AE8BD291890CD00A9F520 /* InsightCell */ = {
			isa = PBXGroup;
			children = (
				3A6AE8C52918910200A9F520 /* InsightAllUserMostAppreciationCell.swift */,
				3A6AE8CA2918910200A9F520 /* InsightAllUserMostAppreciationCell.xib */,
				3A6AE8C22918910200A9F520 /* InsightFirstRecordCell.swift */,
				3A6AE8C82918910200A9F520 /* InsightFirstRecordCell.xib */,
				3A6AE8C42918910200A9F520 /* InsightHallOfFameCell.swift */,
				3A6AE8BE2918910200A9F520 /* InsightHallOfFameCell.xib */,
				3A6AE8C12918910200A9F520 /* InsightMostAppreciationCell.swift */,
				3A6AE8CB2918910200A9F520 /* InsightMostAppreciationCell.xib */,
				3A6AE8C32918910200A9F520 /* InsightMostImpressiveCell.swift */,
				3A6AE8CE2918910200A9F520 /* InsightMostImpressiveCell.xib */,
				3A6AE8D02918910200A9F520 /* InsightMyRankCell.swift */,
				3A6AE8BF2918910200A9F520 /* InsightMyRankCell.xib */,
				3A6AE8C62918910200A9F520 /* InsightShareCell.swift */,
				3A6AE8C02918910200A9F520 /* InsightShareCell.xib */,
				3A6AE8CF2918910200A9F520 /* InsiteStatisticsCell.swift */,
				3A6AE8C72918910200A9F520 /* InsightStatisticsCell.xib */,
				3A6AE8CC2918910200A9F520 /* InsightStatisticsGraphCell.swift */,
				3A6AE8CD2918910200A9F520 /* InsightStatisticsGraphCell.xib */,
				3A6AE8C92918910200A9F520 /* InsightTop3GenreCell.swift */,
				3A6AE8D12918910300A9F520 /* InsightTop3GenreCell.xib */,
			);
			path = InsightCell;
			sourceTree = "<group>";
		};
		3A6AE8E62918910900A9F520 /* Chart */ = {
			isa = PBXGroup;
			children = (
				3A6AE8E72918911B00A9F520 /* InsiteChartView.swift */,
				3A6AE8E82918911B00A9F520 /* InsiteStatisticsGraphChartView.swift */,
			);
			path = Chart;
			sourceTree = "<group>";
		};
		3A75DBDF28A0F3D400084DB1 /* Tab */ = {
			isa = PBXGroup;
			children = (
				3A75DBEC28A0F41000084DB1 /* TabBarController.swift */,
				3A75DBF028A0F41D00084DB1 /* TabBar.storyboard */,
			);
			path = Tab;
			sourceTree = "<group>";
		};
		3A75DBF228A0F5A000084DB1 /* Record */ = {
			isa = PBXGroup;
			children = (
				3AEDB70428DE07DD00C3DB8D /* PreReview */,
				3AB1431128F767E40041C9CC /* MySearch */,
				3AA56CFF28BDE79800FB66F5 /* Record+ */,
				3A75DBF528A0F5CE00084DB1 /* Record.storyboard */,
				3AA56CF328BDDDE000FB66F5 /* RecordPresenter.swift */,
				3AA56CF428BDDDE000FB66F5 /* RecordWorker.swift */,
				3AA56CF528BDDDE000FB66F5 /* RecordRouter.swift */,
				3AA56CF628BDDDE000FB66F5 /* RecordModels.swift */,
				3AA56CF728BDDDE000FB66F5 /* RecordViewController.swift */,
				3AA56CF828BDDDE000FB66F5 /* RecordInteractor.swift */,
			);
			path = Record;
			sourceTree = "<group>";
		};
		3A75DBF328A0F5AA00084DB1 /* Calendar */ = {
			isa = PBXGroup;
			children = (
				3A75DBF728A0F5D900084DB1 /* Calendar.storyboard */,
			);
			path = Calendar;
			sourceTree = "<group>";
		};
		3A79685228B5DA860054DF5A /* WorkDetailInfo+ */ = {
			isa = PBXGroup;
			children = (
				3A79685328B5DAA20054DF5A /* WorkDetailInfoViewController+.swift */,
			);
			path = "WorkDetailInfo+";
			sourceTree = "<group>";
		};
		3A8D171F289BBC7700B260D1 = {
			isa = PBXGroup;
			children = (
				3A8D176B289BC12200B260D1 /* .swiftlint.yml */,
				3A8D176D289BC21400B260D1 /* .gitignore */,
				3A8D172A289BBC7700B260D1 /* Recody */,
				3A8D1729289BBC7700B260D1 /* Products */,
				D9142FC7474BE90F07FC44D7 /* Pods */,
				AA2BD98415DCAE5D5C4AC288 /* Frameworks */,
			);
			sourceTree = "<group>";
		};
		3A8D1729289BBC7700B260D1 /* Products */ = {
			isa = PBXGroup;
			children = (
				3A8D1728289BBC7700B260D1 /* Recody.app */,
			);
			name = Products;
			sourceTree = "<group>";
		};
		3A8D172A289BBC7700B260D1 /* Recody */ = {
			isa = PBXGroup;
			children = (
				201098812900E39900C1B4CE /* YGKim */,
				2010986B2900C8EC00C1B4CE /* TestGroup */,
				3ADA9B7828A580F500EB39F3 /* Utils */,
				3A8D1769289BBEC300B260D1 /* Workers */,
				3A8D1768289BBEB900B260D1 /* Services */,
				3A8D1759289BBE7E00B260D1 /* Scenes */,
				3A8D172B289BBC7700B260D1 /* AppDelegate.swift */,
				3A8D172D289BBC7700B260D1 /* SceneDelegate.swift */,
				3A8D1734289BBC7A00B260D1 /* Assets.xcassets */,
				3A8D1736289BBC7A00B260D1 /* LaunchScreen.storyboard */,
				3A8D1739289BBC7A00B260D1 /* Info.plist */,
			);
			path = Recody;
			sourceTree = "<group>";
		};
		3A8D1759289BBE7E00B260D1 /* Scenes */ = {
			isa = PBXGroup;
			children = (
				3A34164E28FF5CD200C4D698 /* MyPage */,
				3AB9CFC528B4F05F00A600DB /* Common */,
				3A75DBDF28A0F3D400084DB1 /* Tab */,
				3A8D175A289BBE9500B260D1 /* Home */,
				3A75DBF228A0F5A000084DB1 /* Record */,
				3A75DBF328A0F5AA00084DB1 /* Calendar */,
			);
			path = Scenes;
			sourceTree = "<group>";
		};
		3A8D175A289BBE9500B260D1 /* Home */ = {
			isa = PBXGroup;
			children = (
				3A8F862B28C6250C0028B45C /* EditGenre */,
				3AAEE3E428C5CF1400B28582 /* EditCategory */,
				3ADA9B7328A5355B00EB39F3 /* Home+ */,
				3A8D175B289BBEA100B260D1 /* HomePresenter.swift */,
				3A8D175C289BBEA100B260D1 /* HomeWorker.swift */,
				3A8D175D289BBEA100B260D1 /* HomeRouter.swift */,
				3A8D175E289BBEA100B260D1 /* HomeModels.swift */,
				3A8D175F289BBEA100B260D1 /* HomeViewController.swift */,
				3A8D1760289BBEA100B260D1 /* HomeInteractor.swift */,
				3A75DBBB28A0EA5700084DB1 /* Home.storyboard */,
			);
			path = Home;
			sourceTree = "<group>";
		};
		3A8D1768289BBEB900B260D1 /* Services */ = {
			isa = PBXGroup;
			children = (
			);
			path = Services;
			sourceTree = "<group>";
		};
		3A8D1769289BBEC300B260D1 /* Workers */ = {
			isa = PBXGroup;
			children = (
			);
			path = Workers;
			sourceTree = "<group>";
		};
		3A8F862B28C6250C0028B45C /* EditGenre */ = {
			isa = PBXGroup;
			children = (
				3A8F862E28C6276C0028B45C /* EditGenre+ */,
				3A8F862F28C6277D0028B45C /* EditGenrePresenter.swift */,
				3A8F863028C6277D0028B45C /* EditGenreWorker.swift */,
				3A8F863128C6277D0028B45C /* EditGenreRouter.swift */,
				3A8F863228C6277D0028B45C /* EditGenreModels.swift */,
				3A8F863328C6277D0028B45C /* EditGenreViewController.swift */,
				3A8F863428C6277D0028B45C /* EditGenreInteractor.swift */,
				3A8F862C28C625210028B45C /* EditGenre.storyboard */,
			);
			path = EditGenre;
			sourceTree = "<group>";
		};
		3A8F862E28C6276C0028B45C /* EditGenre+ */ = {
			isa = PBXGroup;
			children = (
				3A20345E28D01ABC00C417CB /* EditGenreViewController+.swift */,
				3A20346228D01E3A00C417CB /* EditGenreCollectionViewCell.swift */,
			);
			path = "EditGenre+";
			sourceTree = "<group>";
		};
		3AA56CE628BDDD9800FB66F5 /* Category */ = {
			isa = PBXGroup;
			children = (
				3ADA9B7428A56AA800EB39F3 /* CustomCategory.xib */,
				3ADA9B7628A56AB600EB39F3 /* CustomCategory.swift */,
				3AE6A55928ED9D0D008ED7DB /* CategoryModels.swift */,
			);
			path = Category;
			sourceTree = "<group>";
		};
		3AA56CFF28BDE79800FB66F5 /* Record+ */ = {
			isa = PBXGroup;
			children = (
				3AA56D0028BDE7A600FB66F5 /* RecordViewController+.swift */,
				3AA56D0428BE627300FB66F5 /* WorkTabCollectionViewCell.swift */,
				3AD4F11E28C08BA800598D28 /* TabHeader.swift */,
				3AD4F12228C09EB700598D28 /* TabHeader.xib */,
				3AD4F11C28C0808200598D28 /* DropDownHeader.swift */,
				3AD4F12028C08C7E00598D28 /* DropDownHeader.xib */,
			);
			path = "Record+";
			sourceTree = "<group>";
		};
		3AAEE3E428C5CF1400B28582 /* EditCategory */ = {
			isa = PBXGroup;
			children = (
				3AAEE3F328C5D0DF00B28582 /* EditCategory+ */,
				3AAEE3E528C5CF3900B28582 /* EditCategoryPresenter.swift */,
				3AAEE3E628C5CF3900B28582 /* EditCategoryWorker.swift */,
				3AAEE3E728C5CF3900B28582 /* EditCategoryRouter.swift */,
				3AAEE3E828C5CF3900B28582 /* EditCategoryModels.swift */,
				3AAEE3E928C5CF3900B28582 /* EditCategoryViewController.swift */,
				3AAEE3EA28C5CF3900B28582 /* EditCategoryInteractor.swift */,
				3AAEE3F128C5CF4500B28582 /* EditCategory.storyboard */,
			);
			path = EditCategory;
			sourceTree = "<group>";
		};
		3AAEE3F328C5D0DF00B28582 /* EditCategory+ */ = {
			isa = PBXGroup;
			children = (
				3AAEE3F428C5D10100B28582 /* EditCategoryViewController+.swift */,
				3AAEE3F828C5DA9900B28582 /* EditCategoryCollectionViewCell.swift */,
			);
			path = "EditCategory+";
			sourceTree = "<group>";
		};
		3AB1431128F767E40041C9CC /* MySearch */ = {
			isa = PBXGroup;
			children = (
				3AB1432028F76E840041C9CC /* MySearch+ */,
				3AB1431228F767FC0041C9CC /* MySearchPresenter.swift */,
				3AB1431328F767FC0041C9CC /* MySearchWorker.swift */,
				3AB1431428F767FC0041C9CC /* MySearchRouter.swift */,
				3AB1431528F767FC0041C9CC /* MySearchModels.swift */,
				3AB1431628F767FC0041C9CC /* MySearchViewController.swift */,
				3AB1431728F767FC0041C9CC /* MySearchInteractor.swift */,
				3AB1431E28F768080041C9CC /* MySearch.storyboard */,
			);
			path = MySearch;
			sourceTree = "<group>";
		};
		3AB1432028F76E840041C9CC /* MySearch+ */ = {
			isa = PBXGroup;
			children = (
				3AB1432128F76FBC0041C9CC /* MySearchTableViewCell.swift */,
				3AB1432228F76FBC0041C9CC /* MySearchTableViewCell.xib */,
				3AB1432528F88F860041C9CC /* MySearchViewController+.swift */,
			);
			path = "MySearch+";
			sourceTree = "<group>";
		};
		3AB2F07A29095F2100240E56 /* MyPage+ */ = {
			isa = PBXGroup;
			children = (
			);
			path = "MyPage+";
			sourceTree = "<group>";
		};
		3AB80F92290D63D200F032EC /* ModifyProfile */ = {
			isa = PBXGroup;
			children = (
				3AB80F95290D6C3500F032EC /* ModifyProfilePresenter.swift */,
				3AB80F96290D6C3500F032EC /* ModifyProfileWorker.swift */,
				3AB80F97290D6C3500F032EC /* ModifyProfileRouter.swift */,
				3AB80F98290D6C3500F032EC /* ModifyProfileModels.swift */,
				3AB80F99290D6C3500F032EC /* ModifyProfileViewController.swift */,
				3AB80F9A290D6C3500F032EC /* ModifyProfileInteractor.swift */,
				3AB80F93290D64E800F032EC /* ModifyProfile.storyboard */,
			);
			path = ModifyProfile;
			sourceTree = "<group>";
		};
		3AB9CFB528B4E81500A600DB /* WorkDetailInfo */ = {
			isa = PBXGroup;
			children = (
				3A79685228B5DA860054DF5A /* WorkDetailInfo+ */,
				3AB9CFB628B4E84300A600DB /* WorkDetailInfoPresenter.swift */,
				3AB9CFB728B4E84300A600DB /* WorkDetailInfoWorker.swift */,
				3AB9CFB828B4E84300A600DB /* WorkDetailInfoRouter.swift */,
				3AB9CFB928B4E84300A600DB /* WorkDetailInfoModels.swift */,
				3AB9CFBA28B4E84300A600DB /* WorkDetailInfoViewController.swift */,
				3AB9CFBB28B4E84300A600DB /* WorkDetailInfoInteractor.swift */,
				3AB9CFC228B4E86100A600DB /* WorkDetailInfo.storyboard */,
			);
			path = WorkDetailInfo;
			sourceTree = "<group>";
		};
		3AB9CFC528B4F05F00A600DB /* Common */ = {
			isa = PBXGroup;
			children = (
				3AB9CFB528B4E81500A600DB /* WorkDetailInfo */,
				3AF1DF86290C0FB90095673A /* WorkListCollectionViewCell */,
				3AEDB6FF28DD863800C3DB8D /* WorkInfo */,
				3AA56CE628BDDD9800FB66F5 /* Category */,
			);
			path = Common;
			sourceTree = "<group>";
		};
		3AD4F12428C0A5B400598D28 /* Extension */ = {
			isa = PBXGroup;
			children = (
				3AD4F12528C0A66600598D28 /* UIColor+.swift */,
				3AD4F12728C0AFF900598D28 /* CALayer+.swift */,
				3AAEE3E228C4E30D00B28582 /* UIView+.swift */,
				3A20346028D01E0F00C417CB /* UIScrollView+.swift */,
			);
			path = Extension;
			sourceTree = "<group>";
		};
		3ADA9B7328A5355B00EB39F3 /* Home+ */ = {
			isa = PBXGroup;
			children = (
				3ADA9B6F28A534B300EB39F3 /* HomeViewController+.swift */,
			);
			path = "Home+";
			sourceTree = "<group>";
		};
		3ADA9B7828A580F500EB39F3 /* Utils */ = {
			isa = PBXGroup;
			children = (
				3AD4F12428C0A5B400598D28 /* Extension */,
				3ADA9B7928A580FA00EB39F3 /* Designable */,
			);
			path = Utils;
			sourceTree = "<group>";
		};
		3ADA9B7928A580FA00EB39F3 /* Designable */ = {
			isa = PBXGroup;
			children = (
				3ADA9B7A28A5810C00EB39F3 /* Designables.swift */,
			);
			path = Designable;
			sourceTree = "<group>";
		};
		3AEDB6FF28DD863800C3DB8D /* WorkInfo */ = {
			isa = PBXGroup;
			children = (
				3AEDB70028DD86B100C3DB8D /* WorkInfo.xib */,
				3AEDB70228DE03D100C3DB8D /* WorkInfo.swift */,
			);
			path = WorkInfo;
			sourceTree = "<group>";
		};
		3AEDB70428DE07DD00C3DB8D /* PreReview */ = {
			isa = PBXGroup;
			children = (
				3AEDB71528DF3D2E00C3DB8D /* PreReview+ */,
				3AEDB70528DE07FC00C3DB8D /* PreReviewPresenter.swift */,
				3AEDB70628DE07FC00C3DB8D /* PreReviewWorker.swift */,
				3AEDB70728DE07FC00C3DB8D /* PreReviewRouter.swift */,
				3AEDB70828DE07FC00C3DB8D /* PreReviewModels.swift */,
				3AEDB70928DE07FC00C3DB8D /* PreReviewViewController.swift */,
				3AEDB70A28DE07FC00C3DB8D /* PreReviewInteractor.swift */,
				3AEDB71128DE080600C3DB8D /* PreReview.storyboard */,
			);
			path = PreReview;
			sourceTree = "<group>";
		};
		3AEDB71528DF3D2E00C3DB8D /* PreReview+ */ = {
			isa = PBXGroup;
			children = (
				3AEDB71628DF3D4500C3DB8D /* StarRatingSlider.swift */,
				3A77BE7228F57944005AFCAD /* PreReviewViewController+.swift */,
				3A77BE7628F57B33005AFCAD /* PreReviewCollectionViewCell.swift */,
				3A77BE7728F57B33005AFCAD /* PreReviewCollectionViewCell.xib */,
			);
			path = "PreReview+";
			sourceTree = "<group>";
		};
		3AF1DF86290C0FB90095673A /* WorkListCollectionViewCell */ = {
			isa = PBXGroup;
			children = (
				3AA56D0628BE743400FB66F5 /* WorkListCollectionViewCell.xib */,
				3AA56D0228BE580000FB66F5 /* WorkListCollectionViewCell.swift */,
				3AF1DF87290C11260095673A /* ReviewModels.swift */,
				3AE6A55728ED9B08008ED7DB /* WorkCollectionViewCellModels.swift */,
			);
			path = WorkListCollectionViewCell;
			sourceTree = "<group>";
		};
		AA2BD98415DCAE5D5C4AC288 /* Frameworks */ = {
			isa = PBXGroup;
			children = (
				91F36BB44ACD79BEDA668B20 /* Pods_Recody.framework */,
			);
			name = Frameworks;
			sourceTree = "<group>";
		};
		D9142FC7474BE90F07FC44D7 /* Pods */ = {
			isa = PBXGroup;
			children = (
				9D3CE433EC2F1321F641EC70 /* Pods-Recody.debug.xcconfig */,
				FF233E43192A2937998758EC /* Pods-Recody.release.xcconfig */,
			);
			path = Pods;
			sourceTree = "<group>";
		};
/* End PBXGroup section */

/* Begin PBXNativeTarget section */
		3A8D1727289BBC7700B260D1 /* Recody */ = {
			isa = PBXNativeTarget;
			buildConfigurationList = 3A8D173C289BBC7A00B260D1 /* Build configuration list for PBXNativeTarget "Recody" */;
			buildPhases = (
				7CDE86E56D3E1A0F5A452219 /* [CP] Check Pods Manifest.lock */,
				3A8D1724289BBC7700B260D1 /* Sources */,
				3A8D1725289BBC7700B260D1 /* Frameworks */,
				3A8D1726289BBC7700B260D1 /* Resources */,
				3A8D176A289BC04500B260D1 /* ShellScript */,
				124300BDDE035729446FBED1 /* [CP] Embed Pods Frameworks */,
			);
			buildRules = (
			);
			dependencies = (
			);
			name = Recody;
			productName = Recody;
			productReference = 3A8D1728289BBC7700B260D1 /* Recody.app */;
			productType = "com.apple.product-type.application";
		};
/* End PBXNativeTarget section */

/* Begin PBXProject section */
		3A8D1720289BBC7700B260D1 /* Project object */ = {
			isa = PBXProject;
			attributes = {
				BuildIndependentTargetsInParallel = 1;
				LastSwiftUpdateCheck = 1340;
				LastUpgradeCheck = 1340;
				TargetAttributes = {
					3A8D1727289BBC7700B260D1 = {
						CreatedOnToolsVersion = 13.4.1;
					};
				};
			};
			buildConfigurationList = 3A8D1723289BBC7700B260D1 /* Build configuration list for PBXProject "Recody" */;
			compatibilityVersion = "Xcode 13.0";
			developmentRegion = en;
			hasScannedForEncodings = 0;
			knownRegions = (
				en,
				Base,
			);
			mainGroup = 3A8D171F289BBC7700B260D1;
			productRefGroup = 3A8D1729289BBC7700B260D1 /* Products */;
			projectDirPath = "";
			projectRoot = "";
			targets = (
				3A8D1727289BBC7700B260D1 /* Recody */,
			);
		};
/* End PBXProject section */

/* Begin PBXResourcesBuildPhase section */
		3A8D1726289BBC7700B260D1 /* Resources */ = {
			isa = PBXResourcesBuildPhase;
			buildActionMask = 2147483647;
			files = (
				3A6AE8DC2918910300A9F520 /* InsightFirstRecordCell.xib in Resources */,
				3A6AE8E52918910300A9F520 /* InsightTop3GenreCell.xib in Resources */,
				3A75DBF828A0F5D900084DB1 /* Calendar.storyboard in Resources */,
				3A6AE8D32918910300A9F520 /* InsightMyRankCell.xib in Resources */,
				3AAEE3F228C5CF4500B28582 /* EditCategory.storyboard in Resources */,
				3A8D176E289BC21400B260D1 /* .gitignore in Resources */,
				3AEDB70128DD86B100C3DB8D /* WorkInfo.xib in Resources */,
				3A6AE8E22918910300A9F520 /* InsightMostImpressiveCell.xib in Resources */,
				3A34165C28FF5CF900C4D698 /* MyPage.storyboard in Resources */,
				3AD4F12328C09EB700598D28 /* TabHeader.xib in Resources */,
				3A8D176C289BC12200B260D1 /* .swiftlint.yml in Resources */,
				3AB1432428F76FBC0041C9CC /* MySearchTableViewCell.xib in Resources */,
				20DBFB0429029366009CEF76 /* README.md in Resources */,
				3AA56D0728BE743400FB66F5 /* WorkListCollectionViewCell.xib in Resources */,
				3A6AE8DE2918910300A9F520 /* InsightAllUserMostAppreciationCell.xib in Resources */,
				3AB80F94290D64E800F032EC /* ModifyProfile.storyboard in Resources */,
				3ADA9B7528A56AA800EB39F3 /* CustomCategory.xib in Resources */,
				3A6AE8922918906300A9F520 /* Insight.storyboard in Resources */,
				3A8D1738289BBC7A00B260D1 /* LaunchScreen.storyboard in Resources */,
				3A75DBBC28A0EA5700084DB1 /* Home.storyboard in Resources */,
				3A6AE8DB2918910300A9F520 /* InsightStatisticsCell.xib in Resources */,
				3AD4F12128C08C7E00598D28 /* DropDownHeader.xib in Resources */,
				3A8D1735289BBC7A00B260D1 /* Assets.xcassets in Resources */,
				3A6AE8DF2918910300A9F520 /* InsightMostAppreciationCell.xib in Resources */,
				3AB1431F28F768080041C9CC /* MySearch.storyboard in Resources */,
				3A6AE8E12918910300A9F520 /* InsightStatisticsGraphCell.xib in Resources */,
				3A6AE8D42918910300A9F520 /* InsightShareCell.xib in Resources */,
				3A75DBF128A0F41D00084DB1 /* TabBar.storyboard in Resources */,
				3A8F862D28C625210028B45C /* EditGenre.storyboard in Resources */,
				3A77BE7928F57B33005AFCAD /* PreReviewCollectionViewCell.xib in Resources */,
				3A6AE8D22918910300A9F520 /* InsightHallOfFameCell.xib in Resources */,
				3AEDB71228DE080600C3DB8D /* PreReview.storyboard in Resources */,
				3A75DBF628A0F5CE00084DB1 /* Record.storyboard in Resources */,
				3AB9CFC328B4E86100A600DB /* WorkDetailInfo.storyboard in Resources */,
			);
			runOnlyForDeploymentPostprocessing = 0;
		};
/* End PBXResourcesBuildPhase section */

/* Begin PBXShellScriptBuildPhase section */
		124300BDDE035729446FBED1 /* [CP] Embed Pods Frameworks */ = {
			isa = PBXShellScriptBuildPhase;
			buildActionMask = 2147483647;
			files = (
			);
			inputFileListPaths = (
				"${PODS_ROOT}/Target Support Files/Pods-Recody/Pods-Recody-frameworks-${CONFIGURATION}-input-files.xcfilelist",
			);
			name = "[CP] Embed Pods Frameworks";
			outputFileListPaths = (
				"${PODS_ROOT}/Target Support Files/Pods-Recody/Pods-Recody-frameworks-${CONFIGURATION}-output-files.xcfilelist",
			);
			runOnlyForDeploymentPostprocessing = 0;
			shellPath = /bin/sh;
			shellScript = "\"${PODS_ROOT}/Target Support Files/Pods-Recody/Pods-Recody-frameworks.sh\"\n";
			showEnvVarsInLog = 0;
		};
		3A8D176A289BC04500B260D1 /* ShellScript */ = {
			isa = PBXShellScriptBuildPhase;
			buildActionMask = 2147483647;
			files = (
			);
			inputFileListPaths = (
			);
			inputPaths = (
			);
			outputFileListPaths = (
			);
			outputPaths = (
			);
			runOnlyForDeploymentPostprocessing = 0;
			shellPath = /bin/sh;
			shellScript = "# Type a script or drag a script file from your workspace to insert its path.\n${PODS_ROOT}/SwiftLint/swiftlint\n";
		};
		7CDE86E56D3E1A0F5A452219 /* [CP] Check Pods Manifest.lock */ = {
			isa = PBXShellScriptBuildPhase;
			buildActionMask = 2147483647;
			files = (
			);
			inputFileListPaths = (
			);
			inputPaths = (
				"${PODS_PODFILE_DIR_PATH}/Podfile.lock",
				"${PODS_ROOT}/Manifest.lock",
			);
			name = "[CP] Check Pods Manifest.lock";
			outputFileListPaths = (
			);
			outputPaths = (
				"$(DERIVED_FILE_DIR)/Pods-Recody-checkManifestLockResult.txt",
			);
			runOnlyForDeploymentPostprocessing = 0;
			shellPath = /bin/sh;
			shellScript = "diff \"${PODS_PODFILE_DIR_PATH}/Podfile.lock\" \"${PODS_ROOT}/Manifest.lock\" > /dev/null\nif [ $? != 0 ] ; then\n    # print error to STDERR\n    echo \"error: The sandbox is not in sync with the Podfile.lock. Run 'pod install' or update your CocoaPods installation.\" >&2\n    exit 1\nfi\n# This output is used by Xcode 'outputs' to avoid re-running this script phase.\necho \"SUCCESS\" > \"${SCRIPT_OUTPUT_FILE_0}\"\n";
			showEnvVarsInLog = 0;
		};
/* End PBXShellScriptBuildPhase section */

/* Begin PBXSourcesBuildPhase section */
		3A8D1724289BBC7700B260D1 /* Sources */ = {
			isa = PBXSourcesBuildPhase;
			buildActionMask = 2147483647;
			files = (
				3A8F863928C6277D0028B45C /* EditGenreViewController.swift in Sources */,
				3AAEE3EB28C5CF3900B28582 /* EditCategoryPresenter.swift in Sources */,
				3AEDB70F28DE07FC00C3DB8D /* PreReviewViewController.swift in Sources */,
				3ADA9B7728A56AB600EB39F3 /* CustomCategory.swift in Sources */,
				3A6AE8E42918910300A9F520 /* InsightMyRankCell.swift in Sources */,
				3A6AE8D92918910300A9F520 /* InsightAllUserMostAppreciationCell.swift in Sources */,
				3A6AE8D52918910300A9F520 /* InsightMostAppreciationCell.swift in Sources */,
				3ADA9B7B28A5810C00EB39F3 /* Designables.swift in Sources */,
				3A20346328D01E3A00C417CB /* EditGenreCollectionViewCell.swift in Sources */,
				3AAEE3EE28C5CF3900B28582 /* EditCategoryModels.swift in Sources */,
				3AB9CFC028B4E84300A600DB /* WorkDetailInfoViewController.swift in Sources */,
				3AA56CFD28BDDDE000FB66F5 /* RecordViewController.swift in Sources */,
				3AB80F9E290D6C3500F032EC /* ModifyProfileModels.swift in Sources */,
				3AB9CFBE28B4E84300A600DB /* WorkDetailInfoRouter.swift in Sources */,
				3AEDB70328DE03D100C3DB8D /* WorkInfo.swift in Sources */,
				3A34165A28FF5CF000C4D698 /* MyPageInteractor.swift in Sources */,
				3AB1431B28F767FC0041C9CC /* MySearchModels.swift in Sources */,
				3AB9CFC128B4E84300A600DB /* WorkDetailInfoInteractor.swift in Sources */,
				3AB80F9F290D6C3500F032EC /* ModifyProfileViewController.swift in Sources */,
				3AA56CFE28BDDDE000FB66F5 /* RecordInteractor.swift in Sources */,
				3AB1431D28F767FC0041C9CC /* MySearchInteractor.swift in Sources */,
				3AA56CFC28BDDDE000FB66F5 /* RecordModels.swift in Sources */,
				3AA56CFA28BDDDE000FB66F5 /* RecordWorker.swift in Sources */,
				3AAEE3F928C5DA9900B28582 /* EditCategoryCollectionViewCell.swift in Sources */,
				3AE6A55A28ED9D0D008ED7DB /* CategoryModels.swift in Sources */,
				3AAEE3EF28C5CF3900B28582 /* EditCategoryViewController.swift in Sources */,
				20CCE773290684FD00BB8F63 /* DefaultDataModel.swift in Sources */,
				3A6AE8D82918910300A9F520 /* InsightHallOfFameCell.swift in Sources */,
				20C6FA012907996E009296E3 /* SampleViewController.swift in Sources */,
				3AB80FA0290D6C3500F032EC /* ModifyProfileInteractor.swift in Sources */,
				3AA56D0328BE580000FB66F5 /* WorkListCollectionViewCell.swift in Sources */,
				3AB9CFBC28B4E84300A600DB /* WorkDetailInfoPresenter.swift in Sources */,
				3AA56CFB28BDDDE000FB66F5 /* RecordRouter.swift in Sources */,
				3AAEE3ED28C5CF3900B28582 /* EditCategoryRouter.swift in Sources */,
				3AB80F9B290D6C3500F032EC /* ModifyProfilePresenter.swift in Sources */,
				3A75DBEE28A0F41000084DB1 /* TabBarController.swift in Sources */,
				3A6AE8D62918910300A9F520 /* InsightFirstRecordCell.swift in Sources */,
				20DBFB0529029366009CEF76 /* RoutingLogic.swift in Sources */,
				3A8D1763289BBEA100B260D1 /* HomeRouter.swift in Sources */,
				3A8D172C289BBC7700B260D1 /* AppDelegate.swift in Sources */,
				3A8D1765289BBEA100B260D1 /* HomeViewController.swift in Sources */,
				3A8D172E289BBC7700B260D1 /* SceneDelegate.swift in Sources */,
				3A20345F28D01ABC00C417CB /* EditGenreViewController+.swift in Sources */,
				3AF1DF88290C11260095673A /* ReviewModels.swift in Sources */,
				3A6AE8EA2918911B00A9F520 /* InsiteStatisticsGraphChartView.swift in Sources */,
				3A8D1762289BBEA100B260D1 /* HomeWorker.swift in Sources */,
				3AA56CF928BDDDE000FB66F5 /* RecordPresenter.swift in Sources */,
				3A8F863628C6277D0028B45C /* EditGenreWorker.swift in Sources */,
				3A8D1766289BBEA100B260D1 /* HomeInteractor.swift in Sources */,
				3A6AE88E2918901900A9F520 /* TableCellViewModel+.swift in Sources */,
				3AB1431A28F767FC0041C9CC /* MySearchRouter.swift in Sources */,
				3AAEE3E328C4E30D00B28582 /* UIView+.swift in Sources */,
				3A6AE8DA2918910300A9F520 /* InsightShareCell.swift in Sources */,
				3A34165728FF5CF000C4D698 /* MyPageRouter.swift in Sources */,
				3AB1432628F88F860041C9CC /* MySearchViewController+.swift in Sources */,
				3A6AE8902918903700A9F520 /* InsightViewController.swift in Sources */,
				3AEDB70C28DE07FC00C3DB8D /* PreReviewWorker.swift in Sources */,
				3A8F863828C6277D0028B45C /* EditGenreModels.swift in Sources */,
				3A6AE8E02918910300A9F520 /* InsightStatisticsGraphCell.swift in Sources */,
				3AB1432328F76FBC0041C9CC /* MySearchTableViewCell.swift in Sources */,
				3AAEE3F528C5D10100B28582 /* EditCategoryViewController+.swift in Sources */,
				3A8D1761289BBEA100B260D1 /* HomePresenter.swift in Sources */,
				3AD4F12828C0AFF900598D28 /* CALayer+.swift in Sources */,
				3AEDB71728DF3D4500C3DB8D /* StarRatingSlider.swift in Sources */,
				20DBFB0629029366009CEF76 /* WorkerType+.swift in Sources */,
				3AD4F11D28C0808200598D28 /* DropDownHeader.swift in Sources */,
				3AEDB70E28DE07FC00C3DB8D /* PreReviewModels.swift in Sources */,
				3AAEE3EC28C5CF3900B28582 /* EditCategoryWorker.swift in Sources */,
				20C6F9FE29077B6C009296E3 /* PresenterType.swift in Sources */,
				3AB80F9C290D6C3500F032EC /* ModifyProfileWorker.swift in Sources */,
				201098802900D43500C1B4CE /* Suggest1.swift in Sources */,
				201098772900D22100C1B4CE /* ProtocolEx2.swift in Sources */,
				3AD4F11F28C08BA800598D28 /* TabHeader.swift in Sources */,
				3A34165528FF5CF000C4D698 /* MyPagePresenter.swift in Sources */,
				3AEDB70B28DE07FC00C3DB8D /* PreReviewPresenter.swift in Sources */,
				3A34165628FF5CF000C4D698 /* MyPageWorker.swift in Sources */,
				3A6AE8E32918910300A9F520 /* InsiteStatisticsCell.swift in Sources */,
				3A8D1764289BBEA100B260D1 /* HomeModels.swift in Sources */,
				2010987C2900D23100C1B4CE /* ProtocolEx6.swift in Sources */,
				3AB1431828F767FC0041C9CC /* MySearchPresenter.swift in Sources */,
				3A34165828FF5CF000C4D698 /* MyPageModels.swift in Sources */,
				20DBFB0129029366009CEF76 /* InteractorType+.swift in Sources */,
				3ADA9B7028A534B300EB39F3 /* HomeViewController+.swift in Sources */,
				3AB1431928F767FC0041C9CC /* MySearchWorker.swift in Sources */,
				20DBFB0229029366009CEF76 /* UIViewController+.swift in Sources */,
				20DBFB0729029366009CEF76 /* RouterType+.swift in Sources */,
				3AA56D0528BE627300FB66F5 /* WorkTabCollectionViewCell.swift in Sources */,
				3A6AE8DD2918910300A9F520 /* InsightTop3GenreCell.swift in Sources */,
				3AE6A55828ED9B08008ED7DB /* WorkCollectionViewCellModels.swift in Sources */,
				3A8F863728C6277D0028B45C /* EditGenreRouter.swift in Sources */,
				3A20346128D01E0F00C417CB /* UIScrollView+.swift in Sources */,
				201098762900D21E00C1B4CE /* ProtocolEx1.swift in Sources */,
				3A77BE7828F57B33005AFCAD /* PreReviewCollectionViewCell.swift in Sources */,
				20DBFB0329029366009CEF76 /* DependencyContainer.swift in Sources */,
				201098782900D22300C1B4CE /* ProtocolEx3.swift in Sources */,
				3AB9CFBF28B4E84300A600DB /* WorkDetailInfoModels.swift in Sources */,
				3AEDB70D28DE07FC00C3DB8D /* PreReviewRouter.swift in Sources */,
				3AA56D0128BDE7A600FB66F5 /* RecordViewController+.swift in Sources */,
				3A79685428B5DAA20054DF5A /* WorkDetailInfoViewController+.swift in Sources */,
				201098792900D22600C1B4CE /* ProtocolEx4.swift in Sources */,
				3A8F863528C6277D0028B45C /* EditGenrePresenter.swift in Sources */,
				3AEDB71028DE07FC00C3DB8D /* PreReviewInteractor.swift in Sources */,
				3AB9CFBD28B4E84300A600DB /* WorkDetailInfoWorker.swift in Sources */,
				3A6AE8D72918910300A9F520 /* InsightMostImpressiveCell.swift in Sources */,
				2010987A2900D22800C1B4CE /* ProtocolEx5.swift in Sources */,
				3AAEE3F028C5CF3900B28582 /* EditCategoryInteractor.swift in Sources */,
				3A6AE8E92918911B00A9F520 /* InsiteChartView.swift in Sources */,
				3AB80F9D290D6C3500F032EC /* ModifyProfileRouter.swift in Sources */,
				3A34165928FF5CF000C4D698 /* MyPageViewController.swift in Sources */,
				3AB1431C28F767FC0041C9CC /* MySearchViewController.swift in Sources */,
				3A8F863A28C6277D0028B45C /* EditGenreInteractor.swift in Sources */,
				3AD4F12628C0A66600598D28 /* UIColor+.swift in Sources */,
				3A77BE7328F57944005AFCAD /* PreReviewViewController+.swift in Sources */,
			);
			runOnlyForDeploymentPostprocessing = 0;
		};
/* End PBXSourcesBuildPhase section */

/* Begin PBXVariantGroup section */
		3A8D1736289BBC7A00B260D1 /* LaunchScreen.storyboard */ = {
			isa = PBXVariantGroup;
			children = (
				3A8D1737289BBC7A00B260D1 /* Base */,
			);
			name = LaunchScreen.storyboard;
			sourceTree = "<group>";
		};
/* End PBXVariantGroup section */

/* Begin XCBuildConfiguration section */
		3A8D173A289BBC7A00B260D1 /* Debug */ = {
			isa = XCBuildConfiguration;
			buildSettings = {
				ALWAYS_SEARCH_USER_PATHS = NO;
				CLANG_ANALYZER_NONNULL = YES;
				CLANG_ANALYZER_NUMBER_OBJECT_CONVERSION = YES_AGGRESSIVE;
				CLANG_CXX_LANGUAGE_STANDARD = "gnu++17";
				CLANG_ENABLE_MODULES = YES;
				CLANG_ENABLE_OBJC_ARC = YES;
				CLANG_ENABLE_OBJC_WEAK = YES;
				CLANG_WARN_BLOCK_CAPTURE_AUTORELEASING = YES;
				CLANG_WARN_BOOL_CONVERSION = YES;
				CLANG_WARN_COMMA = YES;
				CLANG_WARN_CONSTANT_CONVERSION = YES;
				CLANG_WARN_DEPRECATED_OBJC_IMPLEMENTATIONS = YES;
				CLANG_WARN_DIRECT_OBJC_ISA_USAGE = YES_ERROR;
				CLANG_WARN_DOCUMENTATION_COMMENTS = YES;
				CLANG_WARN_EMPTY_BODY = YES;
				CLANG_WARN_ENUM_CONVERSION = YES;
				CLANG_WARN_INFINITE_RECURSION = YES;
				CLANG_WARN_INT_CONVERSION = YES;
				CLANG_WARN_NON_LITERAL_NULL_CONVERSION = YES;
				CLANG_WARN_OBJC_IMPLICIT_RETAIN_SELF = YES;
				CLANG_WARN_OBJC_LITERAL_CONVERSION = YES;
				CLANG_WARN_OBJC_ROOT_CLASS = YES_ERROR;
				CLANG_WARN_QUOTED_INCLUDE_IN_FRAMEWORK_HEADER = YES;
				CLANG_WARN_RANGE_LOOP_ANALYSIS = YES;
				CLANG_WARN_STRICT_PROTOTYPES = YES;
				CLANG_WARN_SUSPICIOUS_MOVE = YES;
				CLANG_WARN_UNGUARDED_AVAILABILITY = YES_AGGRESSIVE;
				CLANG_WARN_UNREACHABLE_CODE = YES;
				CLANG_WARN__DUPLICATE_METHOD_MATCH = YES;
				COPY_PHASE_STRIP = NO;
				DEBUG_INFORMATION_FORMAT = dwarf;
				ENABLE_STRICT_OBJC_MSGSEND = YES;
				ENABLE_TESTABILITY = YES;
				GCC_C_LANGUAGE_STANDARD = gnu11;
				GCC_DYNAMIC_NO_PIC = NO;
				GCC_NO_COMMON_BLOCKS = YES;
				GCC_OPTIMIZATION_LEVEL = 0;
				GCC_PREPROCESSOR_DEFINITIONS = (
					"DEBUG=1",
					"$(inherited)",
				);
				GCC_WARN_64_TO_32_BIT_CONVERSION = YES;
				GCC_WARN_ABOUT_RETURN_TYPE = YES_ERROR;
				GCC_WARN_UNDECLARED_SELECTOR = YES;
				GCC_WARN_UNINITIALIZED_AUTOS = YES_AGGRESSIVE;
				GCC_WARN_UNUSED_FUNCTION = YES;
				GCC_WARN_UNUSED_VARIABLE = YES;
				IPHONEOS_DEPLOYMENT_TARGET = 13.0;
				MTL_ENABLE_DEBUG_INFO = INCLUDE_SOURCE;
				MTL_FAST_MATH = YES;
				ONLY_ACTIVE_ARCH = YES;
				SDKROOT = iphoneos;
				SWIFT_ACTIVE_COMPILATION_CONDITIONS = DEBUG;
				SWIFT_OPTIMIZATION_LEVEL = "-Onone";
			};
			name = Debug;
		};
		3A8D173B289BBC7A00B260D1 /* Release */ = {
			isa = XCBuildConfiguration;
			buildSettings = {
				ALWAYS_SEARCH_USER_PATHS = NO;
				CLANG_ANALYZER_NONNULL = YES;
				CLANG_ANALYZER_NUMBER_OBJECT_CONVERSION = YES_AGGRESSIVE;
				CLANG_CXX_LANGUAGE_STANDARD = "gnu++17";
				CLANG_ENABLE_MODULES = YES;
				CLANG_ENABLE_OBJC_ARC = YES;
				CLANG_ENABLE_OBJC_WEAK = YES;
				CLANG_WARN_BLOCK_CAPTURE_AUTORELEASING = YES;
				CLANG_WARN_BOOL_CONVERSION = YES;
				CLANG_WARN_COMMA = YES;
				CLANG_WARN_CONSTANT_CONVERSION = YES;
				CLANG_WARN_DEPRECATED_OBJC_IMPLEMENTATIONS = YES;
				CLANG_WARN_DIRECT_OBJC_ISA_USAGE = YES_ERROR;
				CLANG_WARN_DOCUMENTATION_COMMENTS = YES;
				CLANG_WARN_EMPTY_BODY = YES;
				CLANG_WARN_ENUM_CONVERSION = YES;
				CLANG_WARN_INFINITE_RECURSION = YES;
				CLANG_WARN_INT_CONVERSION = YES;
				CLANG_WARN_NON_LITERAL_NULL_CONVERSION = YES;
				CLANG_WARN_OBJC_IMPLICIT_RETAIN_SELF = YES;
				CLANG_WARN_OBJC_LITERAL_CONVERSION = YES;
				CLANG_WARN_OBJC_ROOT_CLASS = YES_ERROR;
				CLANG_WARN_QUOTED_INCLUDE_IN_FRAMEWORK_HEADER = YES;
				CLANG_WARN_RANGE_LOOP_ANALYSIS = YES;
				CLANG_WARN_STRICT_PROTOTYPES = YES;
				CLANG_WARN_SUSPICIOUS_MOVE = YES;
				CLANG_WARN_UNGUARDED_AVAILABILITY = YES_AGGRESSIVE;
				CLANG_WARN_UNREACHABLE_CODE = YES;
				CLANG_WARN__DUPLICATE_METHOD_MATCH = YES;
				COPY_PHASE_STRIP = NO;
				DEBUG_INFORMATION_FORMAT = "dwarf-with-dsym";
				ENABLE_NS_ASSERTIONS = NO;
				ENABLE_STRICT_OBJC_MSGSEND = YES;
				GCC_C_LANGUAGE_STANDARD = gnu11;
				GCC_NO_COMMON_BLOCKS = YES;
				GCC_WARN_64_TO_32_BIT_CONVERSION = YES;
				GCC_WARN_ABOUT_RETURN_TYPE = YES_ERROR;
				GCC_WARN_UNDECLARED_SELECTOR = YES;
				GCC_WARN_UNINITIALIZED_AUTOS = YES_AGGRESSIVE;
				GCC_WARN_UNUSED_FUNCTION = YES;
				GCC_WARN_UNUSED_VARIABLE = YES;
				IPHONEOS_DEPLOYMENT_TARGET = 13.0;
				MTL_ENABLE_DEBUG_INFO = NO;
				MTL_FAST_MATH = YES;
				SDKROOT = iphoneos;
				SWIFT_COMPILATION_MODE = wholemodule;
				SWIFT_OPTIMIZATION_LEVEL = "-O";
				VALIDATE_PRODUCT = YES;
			};
			name = Release;
		};
		3A8D173D289BBC7A00B260D1 /* Debug */ = {
			isa = XCBuildConfiguration;
			baseConfigurationReference = 9D3CE433EC2F1321F641EC70 /* Pods-Recody.debug.xcconfig */;
			buildSettings = {
				ASSETCATALOG_COMPILER_APPICON_NAME = AppIcon;
				ASSETCATALOG_COMPILER_GLOBAL_ACCENT_COLOR_NAME = AccentColor;
				CODE_SIGN_STYLE = Automatic;
				CURRENT_PROJECT_VERSION = 1;
				DEVELOPMENT_TEAM = Y9Q6SAFX32;
				GENERATE_INFOPLIST_FILE = YES;
				INFOPLIST_FILE = Recody/Info.plist;
				INFOPLIST_KEY_UIApplicationSupportsIndirectInputEvents = YES;
				INFOPLIST_KEY_UILaunchStoryboardName = LaunchScreen;
				INFOPLIST_KEY_UIMainStoryboardFile = TabBar;
				INFOPLIST_KEY_UISupportedInterfaceOrientations = UIInterfaceOrientationPortrait;
				INFOPLIST_KEY_UISupportedInterfaceOrientations_iPad = "UIInterfaceOrientationPortrait UIInterfaceOrientationPortraitUpsideDown UIInterfaceOrientationLandscapeLeft UIInterfaceOrientationLandscapeRight";
				INFOPLIST_KEY_UISupportedInterfaceOrientations_iPhone = "UIInterfaceOrientationPortrait UIInterfaceOrientationLandscapeLeft UIInterfaceOrientationLandscapeRight";
				IPHONEOS_DEPLOYMENT_TARGET = 13.0;
				LD_RUNPATH_SEARCH_PATHS = (
					"$(inherited)",
					"@executable_path/Frameworks",
				);
				MARKETING_VERSION = 1.0;
				PRODUCT_BUNDLE_IDENTIFIER = com.recody.Recody;
				PRODUCT_NAME = "$(TARGET_NAME)";
				SWIFT_EMIT_LOC_STRINGS = YES;
				SWIFT_VERSION = 5.0;
				TARGETED_DEVICE_FAMILY = "1,2";
			};
			name = Debug;
		};
		3A8D173E289BBC7A00B260D1 /* Release */ = {
			isa = XCBuildConfiguration;
			baseConfigurationReference = FF233E43192A2937998758EC /* Pods-Recody.release.xcconfig */;
			buildSettings = {
				ASSETCATALOG_COMPILER_APPICON_NAME = AppIcon;
				ASSETCATALOG_COMPILER_GLOBAL_ACCENT_COLOR_NAME = AccentColor;
				CODE_SIGN_STYLE = Automatic;
				CURRENT_PROJECT_VERSION = 1;
				DEVELOPMENT_TEAM = Y9Q6SAFX32;
				GENERATE_INFOPLIST_FILE = YES;
				INFOPLIST_FILE = Recody/Info.plist;
				INFOPLIST_KEY_UIApplicationSupportsIndirectInputEvents = YES;
				INFOPLIST_KEY_UILaunchStoryboardName = LaunchScreen;
				INFOPLIST_KEY_UIMainStoryboardFile = TabBar;
				INFOPLIST_KEY_UISupportedInterfaceOrientations = UIInterfaceOrientationPortrait;
				INFOPLIST_KEY_UISupportedInterfaceOrientations_iPad = "UIInterfaceOrientationPortrait UIInterfaceOrientationPortraitUpsideDown UIInterfaceOrientationLandscapeLeft UIInterfaceOrientationLandscapeRight";
				INFOPLIST_KEY_UISupportedInterfaceOrientations_iPhone = "UIInterfaceOrientationPortrait UIInterfaceOrientationLandscapeLeft UIInterfaceOrientationLandscapeRight";
				IPHONEOS_DEPLOYMENT_TARGET = 13.0;
				LD_RUNPATH_SEARCH_PATHS = (
					"$(inherited)",
					"@executable_path/Frameworks",
				);
				MARKETING_VERSION = 1.0;
				PRODUCT_BUNDLE_IDENTIFIER = com.recody.Recody;
				PRODUCT_NAME = "$(TARGET_NAME)";
				SWIFT_EMIT_LOC_STRINGS = YES;
				SWIFT_VERSION = 5.0;
				TARGETED_DEVICE_FAMILY = "1,2";
			};
			name = Release;
		};
/* End XCBuildConfiguration section */

/* Begin XCConfigurationList section */
		3A8D1723289BBC7700B260D1 /* Build configuration list for PBXProject "Recody" */ = {
			isa = XCConfigurationList;
			buildConfigurations = (
				3A8D173A289BBC7A00B260D1 /* Debug */,
				3A8D173B289BBC7A00B260D1 /* Release */,
			);
			defaultConfigurationIsVisible = 0;
			defaultConfigurationName = Release;
		};
		3A8D173C289BBC7A00B260D1 /* Build configuration list for PBXNativeTarget "Recody" */ = {
			isa = XCConfigurationList;
			buildConfigurations = (
				3A8D173D289BBC7A00B260D1 /* Debug */,
				3A8D173E289BBC7A00B260D1 /* Release */,
			);
			defaultConfigurationIsVisible = 0;
			defaultConfigurationName = Release;
		};
/* End XCConfigurationList section */
	};
	rootObject = 3A8D1720289BBC7700B260D1 /* Project object */;
}
